
Microsoft Visual Studio Solution File, Format Version 12.00
# Visual Studio Version 16
VisualStudioVersion = 16.0.28516.95
MinimumVisualStudioVersion = 10.0.40219.1
Project("{2150E333-8FDC-42A3-9474-1A3956D46DE8}") = "Solution Items", "Solution Items", "{9AEBDADF-AE00-4A85-8CAC-EFE8B6FBCEAE}"
	ProjectSection(SolutionItems) = preProject
		.editorconfig = .editorconfig
		.gitignore = .gitignore
		appveyor.yml = appveyor.yml
		Detection.sln.DotSettings = Detection.sln.DotSettings
		Detection.sln.licenseheader = Detection.sln.licenseheader
		Directory.Build.props = Directory.Build.props
		.github\FUNDING.yml = .github\FUNDING.yml
		md-styles.css = md-styles.css
		NUGET.md = NUGET.md
		README.md = README.md
	EndProjectSection
EndProject
Project("{9A19103F-16F7-4668-BE54-9A1E7A4F7556}") = "Wangkanai.Detection", "src\Wangkanai.Detection.csproj", "{51A6265E-2C74-43C8-9A5A-A23F88671DED}"
EndProject
Project("{9A19103F-16F7-4668-BE54-9A1E7A4F7556}") = "Wangkanai.Detection.Test", "test\Wangkanai.Detection.Test.csproj", "{A72D51C5-D90B-4624-B6B6-B67028D64B63}"
EndProject
Global
	GlobalSection(SolutionConfigurationPlatforms) = preSolution
		Debug|Any CPU = Debug|Any CPU
		Release|Any CPU = Release|Any CPU
	EndGlobalSection
	GlobalSection(ProjectConfigurationPlatforms) = postSolution
		{51A6265E-2C74-43C8-9A5A-A23F88671DED}.Debug|Any CPU.ActiveCfg = Debug|Any CPU
		{51A6265E-2C74-43C8-9A5A-A23F88671DED}.Debug|Any CPU.Build.0 = Debug|Any CPU
		{51A6265E-2C74-43C8-9A5A-A23F88671DED}.Release|Any CPU.ActiveCfg = Release|Any CPU
		{51A6265E-2C74-43C8-9A5A-A23F88671DED}.Release|Any CPU.Build.0 = Release|Any CPU
		{A72D51C5-D90B-4624-B6B6-B67028D64B63}.Debug|Any CPU.ActiveCfg = Debug|Any CPU
		{A72D51C5-D90B-4624-B6B6-B67028D64B63}.Debug|Any CPU.Build.0 = Debug|Any CPU
		{A72D51C5-D90B-4624-B6B6-B67028D64B63}.Release|Any CPU.ActiveCfg = Release|Any CPU
		{A72D51C5-D90B-4624-B6B6-B67028D64B63}.Release|Any CPU.Build.0 = Release|Any CPU
	EndGlobalSection
	GlobalSection(SolutionProperties) = preSolution
		HideSolutionNode = FALSE
	EndGlobalSection
	GlobalSection(ExtensibilityGlobals) = postSolution
		SolutionGuid = {1BA0A192-D7BE-40A1-96AE-B3C8C6BC9B69}
	EndGlobalSection
EndGlobal
