
Microsoft Visual Studio Solution File, Format Version 12.00
# Visual Studio Version 16
VisualStudioVersion = 16.0.28516.95
MinimumVisualStudioVersion = 10.0.40219.1
Project("{2150E333-8FDC-42A3-9474-1A3956D46DE8}") = "Solution Items", "Solution Items", "{9AEBDADF-AE00-4A85-8CAC-EFE8B6FBCEAE}"
	ProjectSection(SolutionItems) = preProject
		.editorconfig = .editorconfig
		.gitignore = .gitignore
		appveyor.yml = appveyor.yml
		Detection.sln.DotSettings = Detection.sln.DotSettings
		Detection.sln.licenseheader = Detection.sln.licenseheader
		.github\FUNDING.yml = .github\FUNDING.yml
		md-styles.css = md-styles.css
		NuGet.config = NuGet.config
		README.md = README.md
		run.ps1 = run.ps1
	EndProjectSection
EndProject
Project("{2150E333-8FDC-42A3-9474-1A3956D46DE8}") = "sample", "sample", "{C26D86D6-4B4E-407E-9F1D-9CA1765768CE}"
EndProject
Project("{9A19103F-16F7-4668-BE54-9A1E7A4F7556}") = "Detection", "sample\Detection\Detection.csproj", "{FA89F64C-D456-427F-B54B-3F9CA05D07BF}"
EndProject
Project("{9A19103F-16F7-4668-BE54-9A1E7A4F7556}") = "Responsive", "sample\Responsive\Responsive.csproj", "{4B54E689-97E0-47A0-96F9-B44E29110C59}"
EndProject
Project("{9A19103F-16F7-4668-BE54-9A1E7A4F7556}") = "RazorApp", "sample\RazorApp\RazorApp.csproj", "{D13A343E-1D8D-4483-8012-837D1329D5FA}"
EndProject
Project("{9A19103F-16F7-4668-BE54-9A1E7A4F7556}") = "ResponsiveOption", "sample\ResponsiveOption\ResponsiveOption.csproj", "{71407BC8-E9D1-4B8C-8BD1-911AC7A9E13E}"
EndProject
Project("{9A19103F-16F7-4668-BE54-9A1E7A4F7556}") = "Wangkanai.Detection", "src\Wangkanai.Detection.csproj", "{51A6265E-2C74-43C8-9A5A-A23F88671DED}"
EndProject
Project("{9A19103F-16F7-4668-BE54-9A1E7A4F7556}") = "Wangkanai.Detection.Test", "test\Wangkanai.Detection.Test.csproj", "{A72D51C5-D90B-4624-B6B6-B67028D64B63}"
EndProject
Project("{9A19103F-16F7-4668-BE54-9A1E7A4F7556}") = "Wangkanai.Detection.UI", "UI\Wangkanai.Detection.UI\Wangkanai.Detection.UI.csproj", "{AA33913C-2C0B-4F26-837C-E1D3396CA1CC}"
EndProject
Global
	GlobalSection(SolutionConfigurationPlatforms) = preSolution
		Debug|Any CPU = Debug|Any CPU
		Release|Any CPU = Release|Any CPU
	EndGlobalSection
	GlobalSection(ProjectConfigurationPlatforms) = postSolution
		{FA89F64C-D456-427F-B54B-3F9CA05D07BF}.Debug|Any CPU.ActiveCfg = Debug|Any CPU
		{FA89F64C-D456-427F-B54B-3F9CA05D07BF}.Debug|Any CPU.Build.0 = Debug|Any CPU
		{FA89F64C-D456-427F-B54B-3F9CA05D07BF}.Release|Any CPU.ActiveCfg = Release|Any CPU
		{FA89F64C-D456-427F-B54B-3F9CA05D07BF}.Release|Any CPU.Build.0 = Release|Any CPU
		{4B54E689-97E0-47A0-96F9-B44E29110C59}.Debug|Any CPU.ActiveCfg = Debug|Any CPU
		{4B54E689-97E0-47A0-96F9-B44E29110C59}.Debug|Any CPU.Build.0 = Debug|Any CPU
		{4B54E689-97E0-47A0-96F9-B44E29110C59}.Release|Any CPU.ActiveCfg = Release|Any CPU
		{4B54E689-97E0-47A0-96F9-B44E29110C59}.Release|Any CPU.Build.0 = Release|Any CPU
		{D13A343E-1D8D-4483-8012-837D1329D5FA}.Debug|Any CPU.ActiveCfg = Debug|Any CPU
		{D13A343E-1D8D-4483-8012-837D1329D5FA}.Debug|Any CPU.Build.0 = Debug|Any CPU
		{D13A343E-1D8D-4483-8012-837D1329D5FA}.Release|Any CPU.ActiveCfg = Release|Any CPU
		{D13A343E-1D8D-4483-8012-837D1329D5FA}.Release|Any CPU.Build.0 = Release|Any CPU
		{71407BC8-E9D1-4B8C-8BD1-911AC7A9E13E}.Debug|Any CPU.ActiveCfg = Debug|Any CPU
		{71407BC8-E9D1-4B8C-8BD1-911AC7A9E13E}.Debug|Any CPU.Build.0 = Debug|Any CPU
		{71407BC8-E9D1-4B8C-8BD1-911AC7A9E13E}.Release|Any CPU.ActiveCfg = Release|Any CPU
		{71407BC8-E9D1-4B8C-8BD1-911AC7A9E13E}.Release|Any CPU.Build.0 = Release|Any CPU
		{51A6265E-2C74-43C8-9A5A-A23F88671DED}.Debug|Any CPU.ActiveCfg = Debug|Any CPU
		{51A6265E-2C74-43C8-9A5A-A23F88671DED}.Debug|Any CPU.Build.0 = Debug|Any CPU
		{51A6265E-2C74-43C8-9A5A-A23F88671DED}.Release|Any CPU.ActiveCfg = Release|Any CPU
		{51A6265E-2C74-43C8-9A5A-A23F88671DED}.Release|Any CPU.Build.0 = Release|Any CPU
		{A72D51C5-D90B-4624-B6B6-B67028D64B63}.Debug|Any CPU.ActiveCfg = Debug|Any CPU
		{A72D51C5-D90B-4624-B6B6-B67028D64B63}.Debug|Any CPU.Build.0 = Debug|Any CPU
		{A72D51C5-D90B-4624-B6B6-B67028D64B63}.Release|Any CPU.ActiveCfg = Release|Any CPU
		{A72D51C5-D90B-4624-B6B6-B67028D64B63}.Release|Any CPU.Build.0 = Release|Any CPU
		{AA33913C-2C0B-4F26-837C-E1D3396CA1CC}.Debug|Any CPU.ActiveCfg = Debug|Any CPU
		{AA33913C-2C0B-4F26-837C-E1D3396CA1CC}.Debug|Any CPU.Build.0 = Debug|Any CPU
		{AA33913C-2C0B-4F26-837C-E1D3396CA1CC}.Release|Any CPU.ActiveCfg = Release|Any CPU
		{AA33913C-2C0B-4F26-837C-E1D3396CA1CC}.Release|Any CPU.Build.0 = Release|Any CPU
	EndGlobalSection
	GlobalSection(SolutionProperties) = preSolution
		HideSolutionNode = FALSE
	EndGlobalSection
	GlobalSection(NestedProjects) = preSolution
		{FA89F64C-D456-427F-B54B-3F9CA05D07BF} = {C26D86D6-4B4E-407E-9F1D-9CA1765768CE}
		{4B54E689-97E0-47A0-96F9-B44E29110C59} = {C26D86D6-4B4E-407E-9F1D-9CA1765768CE}
		{D13A343E-1D8D-4483-8012-837D1329D5FA} = {C26D86D6-4B4E-407E-9F1D-9CA1765768CE}
		{71407BC8-E9D1-4B8C-8BD1-911AC7A9E13E} = {C26D86D6-4B4E-407E-9F1D-9CA1765768CE}
	EndGlobalSection
	GlobalSection(ExtensibilityGlobals) = postSolution
		SolutionGuid = {1BA0A192-D7BE-40A1-96AE-B3C8C6BC9B69}
	EndGlobalSection
EndGlobal
