Microsoft Visual Studio Solution File, Format Version 12.00
# Visual Studio Version 16
VisualStudioVersion = 16.0.28516.95
MinimumVisualStudioVersion = 10.0.40219.1
Project("{2150E333-8FDC-42A3-9474-1A3956D46DE8}") = "Solution Items", "Solution Items", "{9AEBDADF-AE00-4A85-8CAC-EFE8B6FBCEAE}"
	ProjectSection(SolutionItems) = preProject
		.editorconfig = .editorconfig
		.gitignore = .gitignore
		appveyor.yml = appveyor.yml
		Detection.sln.licenseheader = Detection.sln.licenseheader
		md-styles.css = md-styles.css
		README.md = README.md
		run.ps1 = run.ps1
		global.json = global.json
	EndProjectSection
EndProject
Project("{2150E333-8FDC-42A3-9474-1A3956D46DE8}") = "sample", "sample", "{C26D86D6-4B4E-407E-9F1D-9CA1765768CE}"
EndProject
Project("{9A19103F-16F7-4668-BE54-9A1E7A4F7556}") = "Device", "sample\Device\Device.csproj", "{715CF682-3AE1-4D7A-89D2-301CB23F2D10}"
EndProject
Project("{9A19103F-16F7-4668-BE54-9A1E7A4F7556}") = "Browser", "sample\Browser\Browser.csproj", "{77534488-DD22-41DE-B937-51F2B6E9BBE0}"
EndProject
Project("{9A19103F-16F7-4668-BE54-9A1E7A4F7556}") = "Engine", "sample\Engine\Engine.csproj", "{4DBC12E8-56C4-4A5D-BFFC-466F780238AD}"
EndProject
Project("{9A19103F-16F7-4668-BE54-9A1E7A4F7556}") = "Platform", "sample\Platform\Platform.csproj", "{07ABE320-05CA-420A-8EF8-200FE5C4BEB2}"
EndProject
Project("{2150E333-8FDC-42A3-9474-1A3956D46DE8}") = "collection", "collection", "{69C93D15-B5AA-451C-A7A5-8E8D2DD91E9E}"
	ProjectSection(SolutionItems) = preProject
		collection\useragents.tsv = collection\useragents.tsv
	EndProjectSection
EndProject
Project("{2150E333-8FDC-42A3-9474-1A3956D46DE8}") = "Detection", "Detection", "{E293761D-469D-4C21-AB88-AC6AA392DFF1}"
EndProject
Project("{2150E333-8FDC-42A3-9474-1A3956D46DE8}") = "Detection.Core", "Detection.Core", "{C6E66325-D322-4127-A1F7-511CFFF4BC9E}"
EndProject
Project("{2150E333-8FDC-42A3-9474-1A3956D46DE8}") = "Detection.Browser", "Detection.Browser", "{3DA2CBD9-2DDD-4ED2-AC21-E631D04EC817}"
EndProject
Project("{2150E333-8FDC-42A3-9474-1A3956D46DE8}") = "Detection.Crawler", "Detection.Crawler", "{AEB9D27D-8365-46FC-AFE5-F9149F554041}"
EndProject
Project("{2150E333-8FDC-42A3-9474-1A3956D46DE8}") = "Detection.Device", "Detection.Device", "{72D67E87-C630-427A-91D5-DAB7D2AB66DF}"
EndProject
Project("{2150E333-8FDC-42A3-9474-1A3956D46DE8}") = "Detection.Engine", "Detection.Engine", "{8BC2FDE5-4719-4DDD-8526-BF57D661D52C}"
EndProject
Project("{2150E333-8FDC-42A3-9474-1A3956D46DE8}") = "Detection.Platform", "Detection.Platform", "{2209C169-8C27-4A18-A627-809E3369ED2F}"
EndProject
Project("{9A19103F-16F7-4668-BE54-9A1E7A4F7556}") = "Wangkanai.Detection.Core", "src\Detection.Core\src\Wangkanai.Detection.Core.csproj", "{87FCE4BE-A879-4BCF-80A2-D005704EEAEA}"
EndProject
Project("{9A19103F-16F7-4668-BE54-9A1E7A4F7556}") = "Wangkanai.Detection.Core.Test", "src\Detection.Core\test\Wangkanai.Detection.Core.Test.csproj", "{B2B4AF26-0235-41B7-8FD3-470A3E7EAFE1}"
EndProject
Project("{9A19103F-16F7-4668-BE54-9A1E7A4F7556}") = "Wangkanai.Detection", "src\Detection\src\Wangkanai.Detection.csproj", "{FD31B4D4-C323-4A52-9801-EAAA0F155FD0}"
EndProject
Project("{9A19103F-16F7-4668-BE54-9A1E7A4F7556}") = "Wangkanai.Detection.Test", "src\Detection\test\Wangkanai.Detection.Test.csproj", "{22D33522-DD51-4436-97B7-DF9C497F7F00}"
EndProject
Project("{9A19103F-16F7-4668-BE54-9A1E7A4F7556}") = "Wangkanai.Detection.Browser", "src\Detection.Browser\src\Wangkanai.Detection.Browser.csproj", "{7CC13CB8-90CD-4C10-8943-435DFDABBB6B}"
EndProject
Project("{9A19103F-16F7-4668-BE54-9A1E7A4F7556}") = "Wangkanai.Detection.Browser.Test", "src\Detection.Browser\test\Wangkanai.Detection.Browser.Test.csproj", "{E0329FBF-3799-4CB8-87D7-C44D236035BD}"
EndProject
Project("{9A19103F-16F7-4668-BE54-9A1E7A4F7556}") = "Wangkanai.Detection.Crawler", "src\Detection.Crawler\src\Wangkanai.Detection.Crawler.csproj", "{BE6E545E-E9AC-4521-A33D-3713216084FD}"
EndProject
Project("{9A19103F-16F7-4668-BE54-9A1E7A4F7556}") = "Wangkanai.Detection.Crawler.Test", "src\Detection.Crawler\test\Wangkanai.Detection.Crawler.Test.csproj", "{3071FFBD-45A3-4534-9616-696D3015A5AD}"
EndProject
Project("{9A19103F-16F7-4668-BE54-9A1E7A4F7556}") = "Wangkanai.Detection.Device", "src\Detection.Device\src\Wangkanai.Detection.Device.csproj", "{C8C18BAF-19B7-4CA1-9257-86FF02408B25}"
EndProject
Project("{9A19103F-16F7-4668-BE54-9A1E7A4F7556}") = "Wangkanai.Detection.Device.Test", "src\Detection.Device\test\Wangkanai.Detection.Device.Test.csproj", "{27C2A7C6-E224-4462-A696-C43412339FEC}"
EndProject
Project("{9A19103F-16F7-4668-BE54-9A1E7A4F7556}") = "Wangkanai.Detection.Engine", "src\Detection.Engine\src\Wangkanai.Detection.Engine.csproj", "{8D8A6175-59AD-4AB4-98A7-1145596B6A88}"
EndProject
Project("{9A19103F-16F7-4668-BE54-9A1E7A4F7556}") = "Wangkanai.Detection.Engine.Test", "src\Detection.Engine\test\Wangkanai.Detection.Engine.Test.csproj", "{41438401-145A-4F48-9BC2-D3F9386C2232}"
EndProject
Project("{9A19103F-16F7-4668-BE54-9A1E7A4F7556}") = "Wangkanai.Detection.Platform", "src\Detection.Platform\src\Wangkanai.Detection.Platform.csproj", "{1ADD3794-8058-460A-B167-380F3A608E80}"
EndProject
Project("{9A19103F-16F7-4668-BE54-9A1E7A4F7556}") = "Wangkanai.Detection.Platform.Test", "src\Detection.Platform\test\Wangkanai.Detection.Platform.Test.csproj", "{318ED809-7E00-4FFA-B2D7-C0839B207BB4}"
EndProject
Project("{9A19103F-16F7-4668-BE54-9A1E7A4F7556}") = "Detection", "sample\Detection\Detection.csproj", "{FA89F64C-D456-427F-B54B-3F9CA05D07BF}"
EndProject
Project("{9A19103F-16F7-4668-BE54-9A1E7A4F7556}") = "Responsive", "sample\Responsive\Responsive.csproj", "{4B54E689-97E0-47A0-96F9-B44E29110C59}"
EndProject
Project("{2150E333-8FDC-42A3-9474-1A3956D46DE8}") = "Responsive", "Responsive", "{46616A7F-0F88-4148-8108-3DD19E66D5B6}"
EndProject
Project("{9A19103F-16F7-4668-BE54-9A1E7A4F7556}") = "Wangkanai.Responsive", "src\Responsive\src\Wangkanai.Responsive.csproj", "{C2CF6710-2B77-46E6-A6EE-90D8EE9E6B4B}"
EndProject
Project("{9A19103F-16F7-4668-BE54-9A1E7A4F7556}") = "Wangkanai.Responsive.Test", "src\Responsive\test\Wangkanai.Responsive.Test.csproj", "{8BEEC191-7A38-49CB-A97C-A2602A90D344}"
EndProject
Project("{2150E333-8FDC-42A3-9474-1A3956D46DE8}") = "Responsive.Core", "Responsive.Core", "{7BE05FA0-6214-4FBC-939D-5704080F3E53}"
EndProject
Project("{2150E333-8FDC-42A3-9474-1A3956D46DE8}") = "Responsive.TagHelper", "Responsive.TagHelper", "{AC87FF81-E1A9-4022-8F28-AEE485B28E1A}"
EndProject
Project("{9A19103F-16F7-4668-BE54-9A1E7A4F7556}") = "Wangkanai.Responsive.Core", "src\Responsive.Core\src\Wangkanai.Responsive.Core.csproj", "{362DBBA2-5279-49E3-8C7E-DC8486A1407E}"
EndProject
Project("{9A19103F-16F7-4668-BE54-9A1E7A4F7556}") = "Wangkanai.Responsive.Core.Test", "src\Responsive.Core\test\Wangkanai.Responsive.Core.Test.csproj", "{3C98B6BA-D2B9-4BC8-BC57-77BF77171CA0}"
EndProject
Project("{9A19103F-16F7-4668-BE54-9A1E7A4F7556}") = "Wangkanai.Responsive.TagHelper", "src\Responsive.TagHelper\src\Wangkanai.Responsive.TagHelper.csproj", "{2B2DD8F3-7407-4BFA-97E8-72EB655DC30B}"
EndProject
Project("{9A19103F-16F7-4668-BE54-9A1E7A4F7556}") = "Wangkanai.Responsive.TagHelper.Test", "src\Responsive.TagHelper\test\Wangkanai.Responsive.TagHelper.Test.csproj", "{C1C60BD8-5E6E-4ECB-87A3-315B22AF480F}"
EndProject
Project("{9A19103F-16F7-4668-BE54-9A1E7A4F7556}") = "RazorApp", "sample\RazorApp\RazorApp.csproj", "{D13A343E-1D8D-4483-8012-837D1329D5FA}"
EndProject
Global
	GlobalSection(SolutionConfigurationPlatforms) = preSolution
		Debug|Any CPU = Debug|Any CPU
		Release|Any CPU = Release|Any CPU
	EndGlobalSection
	GlobalSection(ProjectConfigurationPlatforms) = postSolution
		{715CF682-3AE1-4D7A-89D2-301CB23F2D10}.Debug|Any CPU.ActiveCfg = Debug|Any CPU
		{715CF682-3AE1-4D7A-89D2-301CB23F2D10}.Debug|Any CPU.Build.0 = Debug|Any CPU
		{715CF682-3AE1-4D7A-89D2-301CB23F2D10}.Release|Any CPU.ActiveCfg = Release|Any CPU
		{715CF682-3AE1-4D7A-89D2-301CB23F2D10}.Release|Any CPU.Build.0 = Release|Any CPU
		{77534488-DD22-41DE-B937-51F2B6E9BBE0}.Debug|Any CPU.ActiveCfg = Debug|Any CPU
		{77534488-DD22-41DE-B937-51F2B6E9BBE0}.Debug|Any CPU.Build.0 = Debug|Any CPU
		{77534488-DD22-41DE-B937-51F2B6E9BBE0}.Release|Any CPU.ActiveCfg = Release|Any CPU
		{77534488-DD22-41DE-B937-51F2B6E9BBE0}.Release|Any CPU.Build.0 = Release|Any CPU
		{4DBC12E8-56C4-4A5D-BFFC-466F780238AD}.Debug|Any CPU.ActiveCfg = Debug|Any CPU
		{4DBC12E8-56C4-4A5D-BFFC-466F780238AD}.Release|Any CPU.ActiveCfg = Release|Any CPU
		{4DBC12E8-56C4-4A5D-BFFC-466F780238AD}.Release|Any CPU.Build.0 = Release|Any CPU
		{07ABE320-05CA-420A-8EF8-200FE5C4BEB2}.Debug|Any CPU.ActiveCfg = Debug|Any CPU
		{07ABE320-05CA-420A-8EF8-200FE5C4BEB2}.Release|Any CPU.ActiveCfg = Release|Any CPU
		{07ABE320-05CA-420A-8EF8-200FE5C4BEB2}.Release|Any CPU.Build.0 = Release|Any CPU
		{87FCE4BE-A879-4BCF-80A2-D005704EEAEA}.Debug|Any CPU.ActiveCfg = Debug|Any CPU
		{87FCE4BE-A879-4BCF-80A2-D005704EEAEA}.Debug|Any CPU.Build.0 = Debug|Any CPU
		{87FCE4BE-A879-4BCF-80A2-D005704EEAEA}.Release|Any CPU.ActiveCfg = Release|Any CPU
		{87FCE4BE-A879-4BCF-80A2-D005704EEAEA}.Release|Any CPU.Build.0 = Release|Any CPU
		{B2B4AF26-0235-41B7-8FD3-470A3E7EAFE1}.Debug|Any CPU.ActiveCfg = Debug|Any CPU
		{B2B4AF26-0235-41B7-8FD3-470A3E7EAFE1}.Debug|Any CPU.Build.0 = Debug|Any CPU
		{B2B4AF26-0235-41B7-8FD3-470A3E7EAFE1}.Release|Any CPU.ActiveCfg = Release|Any CPU
		{B2B4AF26-0235-41B7-8FD3-470A3E7EAFE1}.Release|Any CPU.Build.0 = Release|Any CPU
		{FD31B4D4-C323-4A52-9801-EAAA0F155FD0}.Debug|Any CPU.ActiveCfg = Debug|Any CPU
		{FD31B4D4-C323-4A52-9801-EAAA0F155FD0}.Debug|Any CPU.Build.0 = Debug|Any CPU
		{FD31B4D4-C323-4A52-9801-EAAA0F155FD0}.Release|Any CPU.ActiveCfg = Release|Any CPU
		{FD31B4D4-C323-4A52-9801-EAAA0F155FD0}.Release|Any CPU.Build.0 = Release|Any CPU
		{22D33522-DD51-4436-97B7-DF9C497F7F00}.Debug|Any CPU.ActiveCfg = Debug|Any CPU
		{22D33522-DD51-4436-97B7-DF9C497F7F00}.Debug|Any CPU.Build.0 = Debug|Any CPU
		{22D33522-DD51-4436-97B7-DF9C497F7F00}.Release|Any CPU.ActiveCfg = Release|Any CPU
		{22D33522-DD51-4436-97B7-DF9C497F7F00}.Release|Any CPU.Build.0 = Release|Any CPU
		{7CC13CB8-90CD-4C10-8943-435DFDABBB6B}.Debug|Any CPU.ActiveCfg = Debug|Any CPU
		{7CC13CB8-90CD-4C10-8943-435DFDABBB6B}.Debug|Any CPU.Build.0 = Debug|Any CPU
		{7CC13CB8-90CD-4C10-8943-435DFDABBB6B}.Release|Any CPU.ActiveCfg = Release|Any CPU
		{7CC13CB8-90CD-4C10-8943-435DFDABBB6B}.Release|Any CPU.Build.0 = Release|Any CPU
		{E0329FBF-3799-4CB8-87D7-C44D236035BD}.Debug|Any CPU.ActiveCfg = Debug|Any CPU
		{E0329FBF-3799-4CB8-87D7-C44D236035BD}.Debug|Any CPU.Build.0 = Debug|Any CPU
		{E0329FBF-3799-4CB8-87D7-C44D236035BD}.Release|Any CPU.ActiveCfg = Release|Any CPU
		{E0329FBF-3799-4CB8-87D7-C44D236035BD}.Release|Any CPU.Build.0 = Release|Any CPU
		{BE6E545E-E9AC-4521-A33D-3713216084FD}.Debug|Any CPU.ActiveCfg = Debug|Any CPU
		{BE6E545E-E9AC-4521-A33D-3713216084FD}.Debug|Any CPU.Build.0 = Debug|Any CPU
		{BE6E545E-E9AC-4521-A33D-3713216084FD}.Release|Any CPU.ActiveCfg = Release|Any CPU
		{BE6E545E-E9AC-4521-A33D-3713216084FD}.Release|Any CPU.Build.0 = Release|Any CPU
		{3071FFBD-45A3-4534-9616-696D3015A5AD}.Debug|Any CPU.ActiveCfg = Debug|Any CPU
		{3071FFBD-45A3-4534-9616-696D3015A5AD}.Debug|Any CPU.Build.0 = Debug|Any CPU
		{3071FFBD-45A3-4534-9616-696D3015A5AD}.Release|Any CPU.ActiveCfg = Release|Any CPU
		{3071FFBD-45A3-4534-9616-696D3015A5AD}.Release|Any CPU.Build.0 = Release|Any CPU
		{C8C18BAF-19B7-4CA1-9257-86FF02408B25}.Debug|Any CPU.ActiveCfg = Debug|Any CPU
		{C8C18BAF-19B7-4CA1-9257-86FF02408B25}.Debug|Any CPU.Build.0 = Debug|Any CPU
		{C8C18BAF-19B7-4CA1-9257-86FF02408B25}.Release|Any CPU.ActiveCfg = Release|Any CPU
		{C8C18BAF-19B7-4CA1-9257-86FF02408B25}.Release|Any CPU.Build.0 = Release|Any CPU
		{27C2A7C6-E224-4462-A696-C43412339FEC}.Debug|Any CPU.ActiveCfg = Debug|Any CPU
		{27C2A7C6-E224-4462-A696-C43412339FEC}.Debug|Any CPU.Build.0 = Debug|Any CPU
		{27C2A7C6-E224-4462-A696-C43412339FEC}.Release|Any CPU.ActiveCfg = Release|Any CPU
		{27C2A7C6-E224-4462-A696-C43412339FEC}.Release|Any CPU.Build.0 = Release|Any CPU
		{8D8A6175-59AD-4AB4-98A7-1145596B6A88}.Debug|Any CPU.ActiveCfg = Debug|Any CPU
		{8D8A6175-59AD-4AB4-98A7-1145596B6A88}.Release|Any CPU.ActiveCfg = Release|Any CPU
		{8D8A6175-59AD-4AB4-98A7-1145596B6A88}.Release|Any CPU.Build.0 = Release|Any CPU
		{41438401-145A-4F48-9BC2-D3F9386C2232}.Debug|Any CPU.ActiveCfg = Debug|Any CPU
		{41438401-145A-4F48-9BC2-D3F9386C2232}.Release|Any CPU.ActiveCfg = Release|Any CPU
		{41438401-145A-4F48-9BC2-D3F9386C2232}.Release|Any CPU.Build.0 = Release|Any CPU
		{1ADD3794-8058-460A-B167-380F3A608E80}.Debug|Any CPU.ActiveCfg = Debug|Any CPU
		{1ADD3794-8058-460A-B167-380F3A608E80}.Release|Any CPU.ActiveCfg = Release|Any CPU
		{1ADD3794-8058-460A-B167-380F3A608E80}.Release|Any CPU.Build.0 = Release|Any CPU
		{318ED809-7E00-4FFA-B2D7-C0839B207BB4}.Debug|Any CPU.ActiveCfg = Debug|Any CPU
		{318ED809-7E00-4FFA-B2D7-C0839B207BB4}.Release|Any CPU.ActiveCfg = Release|Any CPU
		{318ED809-7E00-4FFA-B2D7-C0839B207BB4}.Release|Any CPU.Build.0 = Release|Any CPU
		{FA89F64C-D456-427F-B54B-3F9CA05D07BF}.Debug|Any CPU.ActiveCfg = Debug|Any CPU
		{FA89F64C-D456-427F-B54B-3F9CA05D07BF}.Debug|Any CPU.Build.0 = Debug|Any CPU
		{FA89F64C-D456-427F-B54B-3F9CA05D07BF}.Release|Any CPU.ActiveCfg = Release|Any CPU
		{FA89F64C-D456-427F-B54B-3F9CA05D07BF}.Release|Any CPU.Build.0 = Release|Any CPU
		{4B54E689-97E0-47A0-96F9-B44E29110C59}.Debug|Any CPU.ActiveCfg = Debug|Any CPU
		{4B54E689-97E0-47A0-96F9-B44E29110C59}.Debug|Any CPU.Build.0 = Debug|Any CPU
		{4B54E689-97E0-47A0-96F9-B44E29110C59}.Release|Any CPU.ActiveCfg = Release|Any CPU
		{4B54E689-97E0-47A0-96F9-B44E29110C59}.Release|Any CPU.Build.0 = Release|Any CPU
		{C2CF6710-2B77-46E6-A6EE-90D8EE9E6B4B}.Debug|Any CPU.ActiveCfg = Debug|Any CPU
		{C2CF6710-2B77-46E6-A6EE-90D8EE9E6B4B}.Debug|Any CPU.Build.0 = Debug|Any CPU
		{C2CF6710-2B77-46E6-A6EE-90D8EE9E6B4B}.Release|Any CPU.ActiveCfg = Release|Any CPU
		{C2CF6710-2B77-46E6-A6EE-90D8EE9E6B4B}.Release|Any CPU.Build.0 = Release|Any CPU
		{8BEEC191-7A38-49CB-A97C-A2602A90D344}.Debug|Any CPU.ActiveCfg = Debug|Any CPU
		{8BEEC191-7A38-49CB-A97C-A2602A90D344}.Debug|Any CPU.Build.0 = Debug|Any CPU
		{8BEEC191-7A38-49CB-A97C-A2602A90D344}.Release|Any CPU.ActiveCfg = Release|Any CPU
		{8BEEC191-7A38-49CB-A97C-A2602A90D344}.Release|Any CPU.Build.0 = Release|Any CPU
		{362DBBA2-5279-49E3-8C7E-DC8486A1407E}.Debug|Any CPU.ActiveCfg = Debug|Any CPU
		{362DBBA2-5279-49E3-8C7E-DC8486A1407E}.Debug|Any CPU.Build.0 = Debug|Any CPU
		{362DBBA2-5279-49E3-8C7E-DC8486A1407E}.Release|Any CPU.ActiveCfg = Release|Any CPU
		{362DBBA2-5279-49E3-8C7E-DC8486A1407E}.Release|Any CPU.Build.0 = Release|Any CPU
		{3C98B6BA-D2B9-4BC8-BC57-77BF77171CA0}.Debug|Any CPU.ActiveCfg = Debug|Any CPU
		{3C98B6BA-D2B9-4BC8-BC57-77BF77171CA0}.Debug|Any CPU.Build.0 = Debug|Any CPU
		{3C98B6BA-D2B9-4BC8-BC57-77BF77171CA0}.Release|Any CPU.ActiveCfg = Release|Any CPU
		{3C98B6BA-D2B9-4BC8-BC57-77BF77171CA0}.Release|Any CPU.Build.0 = Release|Any CPU
		{2B2DD8F3-7407-4BFA-97E8-72EB655DC30B}.Debug|Any CPU.ActiveCfg = Debug|Any CPU
		{2B2DD8F3-7407-4BFA-97E8-72EB655DC30B}.Debug|Any CPU.Build.0 = Debug|Any CPU
		{2B2DD8F3-7407-4BFA-97E8-72EB655DC30B}.Release|Any CPU.ActiveCfg = Release|Any CPU
		{2B2DD8F3-7407-4BFA-97E8-72EB655DC30B}.Release|Any CPU.Build.0 = Release|Any CPU
		{C1C60BD8-5E6E-4ECB-87A3-315B22AF480F}.Debug|Any CPU.ActiveCfg = Debug|Any CPU
		{C1C60BD8-5E6E-4ECB-87A3-315B22AF480F}.Debug|Any CPU.Build.0 = Debug|Any CPU
		{C1C60BD8-5E6E-4ECB-87A3-315B22AF480F}.Release|Any CPU.ActiveCfg = Release|Any CPU
		{C1C60BD8-5E6E-4ECB-87A3-315B22AF480F}.Release|Any CPU.Build.0 = Release|Any CPU
		{D13A343E-1D8D-4483-8012-837D1329D5FA}.Debug|Any CPU.ActiveCfg = Debug|Any CPU
		{D13A343E-1D8D-4483-8012-837D1329D5FA}.Debug|Any CPU.Build.0 = Debug|Any CPU
		{D13A343E-1D8D-4483-8012-837D1329D5FA}.Release|Any CPU.ActiveCfg = Release|Any CPU
		{D13A343E-1D8D-4483-8012-837D1329D5FA}.Release|Any CPU.Build.0 = Release|Any CPU
	EndGlobalSection
	GlobalSection(SolutionProperties) = preSolution
		HideSolutionNode = FALSE
	EndGlobalSection
	GlobalSection(NestedProjects) = preSolution
		{715CF682-3AE1-4D7A-89D2-301CB23F2D10} = {C26D86D6-4B4E-407E-9F1D-9CA1765768CE}
		{77534488-DD22-41DE-B937-51F2B6E9BBE0} = {C26D86D6-4B4E-407E-9F1D-9CA1765768CE}
		{4DBC12E8-56C4-4A5D-BFFC-466F780238AD} = {C26D86D6-4B4E-407E-9F1D-9CA1765768CE}
		{07ABE320-05CA-420A-8EF8-200FE5C4BEB2} = {C26D86D6-4B4E-407E-9F1D-9CA1765768CE}
		{87FCE4BE-A879-4BCF-80A2-D005704EEAEA} = {C6E66325-D322-4127-A1F7-511CFFF4BC9E}
		{B2B4AF26-0235-41B7-8FD3-470A3E7EAFE1} = {C6E66325-D322-4127-A1F7-511CFFF4BC9E}
		{FD31B4D4-C323-4A52-9801-EAAA0F155FD0} = {E293761D-469D-4C21-AB88-AC6AA392DFF1}
		{22D33522-DD51-4436-97B7-DF9C497F7F00} = {E293761D-469D-4C21-AB88-AC6AA392DFF1}
		{7CC13CB8-90CD-4C10-8943-435DFDABBB6B} = {3DA2CBD9-2DDD-4ED2-AC21-E631D04EC817}
		{E0329FBF-3799-4CB8-87D7-C44D236035BD} = {3DA2CBD9-2DDD-4ED2-AC21-E631D04EC817}
		{BE6E545E-E9AC-4521-A33D-3713216084FD} = {AEB9D27D-8365-46FC-AFE5-F9149F554041}
		{3071FFBD-45A3-4534-9616-696D3015A5AD} = {AEB9D27D-8365-46FC-AFE5-F9149F554041}
		{C8C18BAF-19B7-4CA1-9257-86FF02408B25} = {72D67E87-C630-427A-91D5-DAB7D2AB66DF}
		{27C2A7C6-E224-4462-A696-C43412339FEC} = {72D67E87-C630-427A-91D5-DAB7D2AB66DF}
		{8D8A6175-59AD-4AB4-98A7-1145596B6A88} = {8BC2FDE5-4719-4DDD-8526-BF57D661D52C}
		{41438401-145A-4F48-9BC2-D3F9386C2232} = {8BC2FDE5-4719-4DDD-8526-BF57D661D52C}
		{1ADD3794-8058-460A-B167-380F3A608E80} = {2209C169-8C27-4A18-A627-809E3369ED2F}
		{318ED809-7E00-4FFA-B2D7-C0839B207BB4} = {2209C169-8C27-4A18-A627-809E3369ED2F}
		{FA89F64C-D456-427F-B54B-3F9CA05D07BF} = {C26D86D6-4B4E-407E-9F1D-9CA1765768CE}
		{4B54E689-97E0-47A0-96F9-B44E29110C59} = {C26D86D6-4B4E-407E-9F1D-9CA1765768CE}
		{C2CF6710-2B77-46E6-A6EE-90D8EE9E6B4B} = {46616A7F-0F88-4148-8108-3DD19E66D5B6}
		{8BEEC191-7A38-49CB-A97C-A2602A90D344} = {46616A7F-0F88-4148-8108-3DD19E66D5B6}
		{362DBBA2-5279-49E3-8C7E-DC8486A1407E} = {7BE05FA0-6214-4FBC-939D-5704080F3E53}
		{3C98B6BA-D2B9-4BC8-BC57-77BF77171CA0} = {7BE05FA0-6214-4FBC-939D-5704080F3E53}
		{2B2DD8F3-7407-4BFA-97E8-72EB655DC30B} = {AC87FF81-E1A9-4022-8F28-AEE485B28E1A}
		{C1C60BD8-5E6E-4ECB-87A3-315B22AF480F} = {AC87FF81-E1A9-4022-8F28-AEE485B28E1A}
		{D13A343E-1D8D-4483-8012-837D1329D5FA} = {C26D86D6-4B4E-407E-9F1D-9CA1765768CE}
	EndGlobalSection
	GlobalSection(ExtensibilityGlobals) = postSolution
		SolutionGuid = {1BA0A192-D7BE-40A1-96AE-B3C8C6BC9B69}
	EndGlobalSection
EndGlobal
