
Microsoft Visual Studio Solution File, Format Version 12.00
# Visual Studio Version 17
VisualStudioVersion = 17.4.33103.184
MinimumVisualStudioVersion = 10.0.40219.1
Project("{2150E333-8FDC-42A3-9474-1A3956D46DE8}") = ".solutions", ".solutions", "{9AEBDADF-AE00-4A85-8CAC-EFE8B6FBCEAE}"
	ProjectSection(SolutionItems) = preProject
		.editorconfig = .editorconfig
		.gitattributes = .gitattributes
		.gitignore = .gitignore
		azure-pipelines.yml = azure-pipelines.yml
		Directory.Build.props = Directory.Build.props
		.github\FUNDING.yml = .github\FUNDING.yml
		global.json = global.json
		md-styles.css = md-styles.css
		README.md = README.md
		sign.ps1 = sign.ps1
		version-up.ps1 = version-up.ps1
	EndProjectSection
EndProject
Project("{2150E333-8FDC-42A3-9474-1A3956D46DE8}") = "samples", "samples", "{C26D86D6-4B4E-407E-9F1D-9CA1765768CE}"
EndProject
Project("{2150E333-8FDC-42A3-9474-1A3956D46DE8}") = "Detection", "Detection", "{7EED59CF-550E-4571-A1C0-4719F456AD8A}"
	ProjectSection(SolutionItems) = preProject
		Detection\Directory.Build.props = Detection\Directory.Build.props
		Detection\install.md = Detection\install.md
		Detection\NUGET.md = Detection\NUGET.md
		Detection\README.md = Detection\README.md
		Detection\sign.ps1 = Detection\sign.ps1
	EndProjectSection
EndProject
Project("{9A19103F-16F7-4668-BE54-9A1E7A4F7556}") = "Wangkanai.Detection", "Detection\src\Wangkanai.Detection.csproj", "{F03915B4-D898-4A10-A6C9-E35DC1E527F8}"
EndProject
Project("{9A19103F-16F7-4668-BE54-9A1E7A4F7556}") = "Wangkanai.Detection.Test", "Detection\tests\Wangkanai.Detection.Test.csproj", "{646C9D67-D0EC-477E-B772-247D956DB601}"
EndProject
Project("{9A19103F-16F7-4668-BE54-9A1E7A4F7556}") = "Wangkanai.Detection.Benchmark", "Detection\benchmark\Wangkanai.Detection.Benchmark.csproj", "{F15A7B1F-DE42-4D74-9531-66D398D175D3}"
EndProject
Project("{2150E333-8FDC-42A3-9474-1A3956D46DE8}") = "Responsive", "Responsive", "{7C2D39ED-FF02-492B-84E0-958A4291B51C}"
	ProjectSection(SolutionItems) = preProject
		Responsive\Directory.Build.props = Responsive\Directory.Build.props
		Responsive\README.md = Responsive\README.md
		Responsive\sign.ps1 = Responsive\sign.ps1
	EndProjectSection
EndProject
Project("{2150E333-8FDC-42A3-9474-1A3956D46DE8}") = "Validation", "Validation", "{7FB8FAE5-9EFC-42D3-AA14-F9E1A9B7AB26}"
	ProjectSection(SolutionItems) = preProject
		Validation\Directory.Build.props = Validation\Directory.Build.props
		Validation\README.md = Validation\README.md
		Validation\sign.ps1 = Validation\sign.ps1
	EndProjectSection
EndProject
Project("{2150E333-8FDC-42A3-9474-1A3956D46DE8}") = "System", "System", "{3220F767-41DB-4C06-9952-619F50EB0567}"
	ProjectSection(SolutionItems) = preProject
		System\Directory.Build.props = System\Directory.Build.props
		System\README.md = System\README.md
		System\sign.ps1 = System\sign.ps1
	EndProjectSection
EndProject
Project("{9A19103F-16F7-4668-BE54-9A1E7A4F7556}") = "Wangkanai.Responsive", "Responsive\src\Wangkanai.Responsive.csproj", "{0C42571F-C996-4C9C-BF66-979681BF395A}"
EndProject
Project("{9A19103F-16F7-4668-BE54-9A1E7A4F7556}") = "Wangkanai.Responsive.Test", "Responsive\tests\Wangkanai.Responsive.Test.csproj", "{C296FB1B-7FC9-4936-AD17-65005D025126}"
EndProject
Project("{2150E333-8FDC-42A3-9474-1A3956D46DE8}") = "Blazor", "Blazor", "{9D20D5E6-879B-463C-964A-3DA13FFAE9E3}"
	ProjectSection(SolutionItems) = preProject
		Blazor\Directory.Build.props = Blazor\Directory.Build.props
		Blazor\README.md = Blazor\README.md
		Blazor\sign.ps1 = Blazor\sign.ps1
	EndProjectSection
EndProject
Project("{9A19103F-16F7-4668-BE54-9A1E7A4F7556}") = "Wangkanai.Blazor.Test", "Blazor\tests\Wangkanai.Blazor.Test.csproj", "{2BF98B43-B1F7-4236-A418-425E9AFFB327}"
EndProject
Project("{9A19103F-16F7-4668-BE54-9A1E7A4F7556}") = "Wangkanai.Validation", "Validation\src\Wangkanai.Validation.csproj", "{973E7E37-27FD-404E-BBD2-D632470C67C9}"
EndProject
Project("{9A19103F-16F7-4668-BE54-9A1E7A4F7556}") = "Wangkanai.Validation.Test", "Validation\tests\Wangkanai.Validation.Test.csproj", "{4C025D69-3B12-4AB9-8095-73970017E834}"
EndProject
Project("{2150E333-8FDC-42A3-9474-1A3956D46DE8}") = "Webmaster", "Webmaster", "{D7A979ED-443A-47D3-B34C-5D243D4F39D4}"
	ProjectSection(SolutionItems) = preProject
		Webmaster\Directory.Build.props = Webmaster\Directory.Build.props
		Webmaster\README.md = Webmaster\README.md
		Webmaster\sign.ps1 = Webmaster\sign.ps1
	EndProjectSection
EndProject
Project("{9A19103F-16F7-4668-BE54-9A1E7A4F7556}") = "Wangkanai.Webmaster", "Webmaster\src\Wangkanai.Webmaster.csproj", "{40C64D52-CDFF-45DA-BC80-A5775C0EBBC0}"
EndProject
Project("{9A19103F-16F7-4668-BE54-9A1E7A4F7556}") = "Wangkanai.Webmaster.Test", "Webmaster\tests\Wangkanai.Webmaster.Test.csproj", "{46CD103A-5E5C-43D2-9ECF-7D012B720A08}"
EndProject
Project("{2150E333-8FDC-42A3-9474-1A3956D46DE8}") = "Analytics", "Analytics", "{6CEA291F-82A1-49D0-B559-3E16E1A0E763}"
	ProjectSection(SolutionItems) = preProject
		Analytics\Directory.Build.props = Analytics\Directory.Build.props
		Analytics\README.md = Analytics\README.md
		Analytics\sign.ps1 = Analytics\sign.ps1
	EndProjectSection
EndProject
Project("{9A19103F-16F7-4668-BE54-9A1E7A4F7556}") = "Wangkanai.Analytics", "Analytics\src\Wangkanai.Analytics.csproj", "{3BF37E15-B706-409C-96F7-AF2D033F509E}"
EndProject
Project("{9A19103F-16F7-4668-BE54-9A1E7A4F7556}") = "Wangkanai.Analytics.Test", "Analytics\tests\Wangkanai.Analytics.Test.csproj", "{5502A4D7-EB68-4389-8696-10500E9347CB}"
EndProject
Project("{2150E333-8FDC-42A3-9474-1A3956D46DE8}") = "samples", "samples", "{8B50F062-61B9-483B-9212-9A01F6F12EF8}"
EndProject
Project("{2150E333-8FDC-42A3-9474-1A3956D46DE8}") = "Universal", "Universal", "{ECAFEA96-62F0-4A72-8239-1E971ABAC309}"
	ProjectSection(SolutionItems) = preProject
		Universal\Directory.Build.props = Universal\Directory.Build.props
		Universal\README.md = Universal\README.md
		Universal\sign.ps1 = Universal\sign.ps1
	EndProjectSection
EndProject
Project("{9A19103F-16F7-4668-BE54-9A1E7A4F7556}") = "Wangkanai.Universal", "Universal\src\Wangkanai.Universal.csproj", "{C0530FF7-9157-4FDA-AC0A-A60AD74E8C71}"
EndProject
Project("{9A19103F-16F7-4668-BE54-9A1E7A4F7556}") = "Wangkanai.Universal.Test", "Universal\tests\Wangkanai.Universal.Test.csproj", "{99BDB862-09BC-42A3-8643-4874F3EED50F}"
EndProject
Project("{2150E333-8FDC-42A3-9474-1A3956D46DE8}") = "Webserver", "Webserver", "{1CD41CBB-76E2-42CE-9C17-040527E90C6A}"
	ProjectSection(SolutionItems) = preProject
		Webserver\Directory.Build.props = Webserver\Directory.Build.props
		Webserver\README.md = Webserver\README.md
		Webserver\sign.ps1 = Webserver\sign.ps1
	EndProjectSection
EndProject
Project("{9A19103F-16F7-4668-BE54-9A1E7A4F7556}") = "Wangkanai.Webserver", "Webserver\src\Wangkanai.Webserver.csproj", "{717BA7DD-96E6-4661-A385-BF2923112C6E}"
EndProject
Project("{9A19103F-16F7-4668-BE54-9A1E7A4F7556}") = "Wangkanai.Webserver.Test", "Webserver\tests\Wangkanai.Webserver.Test.csproj", "{89B7172F-DED2-4188-B8C3-55DC505906F0}"
EndProject
Project("{2150E333-8FDC-42A3-9474-1A3956D46DE8}") = "Markdown", "Markdown", "{383E27FE-2B5F-48A9-BE6A-F9973E6D8B1A}"
	ProjectSection(SolutionItems) = preProject
		Markdown\Directory.Build.props = Markdown\Directory.Build.props
		Markdown\README.md = Markdown\README.md
		Markdown\sign.ps1 = Markdown\sign.ps1
	EndProjectSection
EndProject
Project("{9A19103F-16F7-4668-BE54-9A1E7A4F7556}") = "Wangkanai.Markdown", "Markdown\src\Wangkanai.Markdown.csproj", "{33B2A6FA-15BB-4071-A3D1-2644F0A35AAA}"
EndProject
Project("{9A19103F-16F7-4668-BE54-9A1E7A4F7556}") = "Wangkanai.Markdown.Test", "Markdown\tests\Wangkanai.Markdown.Test.csproj", "{BA993356-DADC-412B-A24F-8AEACDC5FA53}"
EndProject
Project("{2150E333-8FDC-42A3-9474-1A3956D46DE8}") = "samples", "samples", "{A3C4F552-BD1E-40C6-81C9-99F61B8916EA}"
EndProject
Project("{2150E333-8FDC-42A3-9474-1A3956D46DE8}") = "Hosting", "Hosting", "{10D7A0CF-E53B-4355-8942-B5D224EB7B98}"
	ProjectSection(SolutionItems) = preProject
		Hosting\Directory.Build.props = Hosting\Directory.Build.props
		Hosting\README.md = Hosting\README.md
		Hosting\sign.ps1 = Hosting\sign.ps1
	EndProjectSection
EndProject
Project("{9A19103F-16F7-4668-BE54-9A1E7A4F7556}") = "Wangkanai.Hosting", "Hosting\src\Wangkanai.Hosting.csproj", "{994F5DCC-4701-4897-91A9-2F3634F3EAEB}"
EndProject
Project("{9A19103F-16F7-4668-BE54-9A1E7A4F7556}") = "Wangkanai.Hosting.Test", "Hosting\tests\Wangkanai.Hosting.Test.csproj", "{B393DA26-6011-4F3B-917D-13FEA381A77A}"
EndProject
Project("{2150E333-8FDC-42A3-9474-1A3956D46DE8}") = "samples", "samples", "{6682B960-338C-4E54-8E5A-61BE7ABFCED5}"
EndProject
Project("{2150E333-8FDC-42A3-9474-1A3956D46DE8}") = "Solver", "Solver", "{37D27DDC-1EB6-4003-AACE-80340B5BC63A}"
	ProjectSection(SolutionItems) = preProject
		Solver\Directory.Build.props = Solver\Directory.Build.props
		Solver\README.md = Solver\README.md
		Solver\sign.ps1 = Solver\sign.ps1
	EndProjectSection
EndProject
Project("{9A19103F-16F7-4668-BE54-9A1E7A4F7556}") = "Wangkanai.Solver", "Solver\src\Wangkanai.Solver.csproj", "{AC302302-E3A7-4FAA-AA41-7F7CC2077B57}"
EndProject
Project("{9A19103F-16F7-4668-BE54-9A1E7A4F7556}") = "Wangkanai.Solver.Tests", "Solver\tests\Wangkanai.Solver.Tests.csproj", "{FF587B44-9646-43F7-9C92-57D26400C91B}"
EndProject
Project("{2150E333-8FDC-42A3-9474-1A3956D46DE8}") = "SendGrid", "SendGrid", "{A4B29686-4663-40D8-8521-3472956C9BDB}"
	ProjectSection(SolutionItems) = preProject
		SendGrid\Directory.Build.props = SendGrid\Directory.Build.props
		SendGrid\README.md = SendGrid\README.md
		SendGrid\sign.ps1 = SendGrid\sign.ps1
	EndProjectSection
EndProject
Project("{9A19103F-16F7-4668-BE54-9A1E7A4F7556}") = "Wangkanai.SendGrid", "SendGrid\src\Wangkanai.SendGrid.csproj", "{8231E1DE-1906-4EFD-A022-B93E6066F833}"
EndProject
Project("{9A19103F-16F7-4668-BE54-9A1E7A4F7556}") = "Wangkanai.SendGrid.Tests", "SendGrid\tests\Wangkanai.SendGrid.Tests.csproj", "{9C0A9184-AB79-4958-8E6C-B6D8617F1013}"
EndProject
Project("{2150E333-8FDC-42A3-9474-1A3956D46DE8}") = "SignCode", "SignCode", "{E21D6041-95C4-4CF8-AA7F-1CCB250A09F8}"
	ProjectSection(SolutionItems) = preProject
		Tools\SignCode\Directory.Build.props = Tools\SignCode\Directory.Build.props
		Tools\SignCode\README.md = Tools\SignCode\README.md
		Tools\SignCode\sign.ps1 = Tools\SignCode\sign.ps1
	EndProjectSection
EndProject
Project("{2150E333-8FDC-42A3-9474-1A3956D46DE8}") = ".config", ".config", "{53EE3363-603E-430E-8DA6-906C47D1FD96}"
	ProjectSection(SolutionItems) = preProject
		.config\keypair.snk = .config\keypair.snk
		.config\public.snk = .config\public.snk
		.config\sgKey.snk = .config\sgKey.snk
	EndProjectSection
EndProject
Project("{2150E333-8FDC-42A3-9474-1A3956D46DE8}") = "Html", "Html", "{DFCE57F8-CA4D-4F85-A14D-F15173B8CC42}"
	ProjectSection(SolutionItems) = preProject
		Extensions\Html\Directory.Build.props = Extensions\Html\Directory.Build.props
		Extensions\Html\README.md = Extensions\Html\README.md
		Extensions\Html\sign.ps1 = Extensions\Html\sign.ps1
	EndProjectSection
EndProject
Project("{2150E333-8FDC-42A3-9474-1A3956D46DE8}") = "Graph", "Graph", "{49CEF064-6C6A-40E0-9EC6-05D62D127DFD}"
	ProjectSection(SolutionItems) = preProject
		Graph\Directory.Build.props = Graph\Directory.Build.props
		Graph\README.md = Graph\README.md
		Graph\sign.ps1 = Graph\sign.ps1
	EndProjectSection
EndProject
Project("{9A19103F-16F7-4668-BE54-9A1E7A4F7556}") = "Wangkanai.Graph", "Graph\src\Wangkanai.Graph.csproj", "{4C8804C0-9406-443D-A5CD-10604DD265D2}"
EndProject
Project("{9A19103F-16F7-4668-BE54-9A1E7A4F7556}") = "Wangkanai.Graph.Tests", "Graph\tests\Wangkanai.Graph.Tests.csproj", "{C294AB84-A15A-4AA9-AE67-90A75F55CF30}"
EndProject
Project("{2150E333-8FDC-42A3-9474-1A3956D46DE8}") = ".github", ".github", "{C4E60FE9-2D5B-4510-854C-44C88209A236}"
	ProjectSection(SolutionItems) = preProject
		.github\FUNDING.yml = .github\FUNDING.yml
	EndProjectSection
EndProject
Project("{2150E333-8FDC-42A3-9474-1A3956D46DE8}") = "Tabler", "Tabler", "{89052ADF-DFC9-4281-A1A1-E83434F434BC}"
	ProjectSection(SolutionItems) = preProject
		Tabler\Directory.Build.props = Tabler\Directory.Build.props
		Tabler\README.md = Tabler\README.md
		Tabler\sign.ps1 = Tabler\sign.ps1
		Tabler\Tabler.slnf = Tabler\Tabler.slnf
	EndProjectSection
EndProject
Project("{9A19103F-16F7-4668-BE54-9A1E7A4F7556}") = "Wangkanai.Tabler.Tests", "Tabler\tests\Wangkanai.Tabler.Tests.csproj", "{3BC55F8B-971B-4611-B012-CDABA944BE96}"
EndProject
Project("{2150E333-8FDC-42A3-9474-1A3956D46DE8}") = "samples", "samples", "{F9E4EBB0-2D50-459A-B2DF-48068FBF7DDF}"
	ProjectSection(SolutionItems) = preProject
		Tabler\demo\README.md = Tabler\demo\README.md
	EndProjectSection
EndProject
Project("{9A19103F-16F7-4668-BE54-9A1E7A4F7556}") = "Wangkanai.Tabler.Demo.Client", "Tabler\demo\Client\Wangkanai.Tabler.Demo.Client.csproj", "{6CFED18C-1869-4076-B0A0-91FDBC192746}"
EndProject
Project("{9A19103F-16F7-4668-BE54-9A1E7A4F7556}") = "Wangkanai.Tabler.Demo.Server", "Tabler\demo\Server\Wangkanai.Tabler.Demo.Server.csproj", "{10401268-943D-4A62-9FDB-E1F944EBB40D}"
EndProject
Project("{2150E333-8FDC-42A3-9474-1A3956D46DE8}") = "samples", "samples", "{39B164DD-4B67-4527-94FE-EB2E0C9B36B6}"
	ProjectSection(SolutionItems) = preProject
		Blazor\demo\README.md = Blazor\demo\README.md
	EndProjectSection
EndProject
Project("{9A19103F-16F7-4668-BE54-9A1E7A4F7556}") = "Wangkanai.Blazor.Demo.Client", "Blazor\demo\Client\Wangkanai.Blazor.Demo.Client.csproj", "{E1D8712E-7A70-41DE-98B3-447A735E8BAE}"
EndProject
Project("{9A19103F-16F7-4668-BE54-9A1E7A4F7556}") = "Wangkanai.Blazor.Demo.Server", "Blazor\demo\Server\Wangkanai.Blazor.Demo.Server.csproj", "{12FFC597-94AE-43E2-AF6E-CC0578E0F0D6}"
EndProject
Project("{2150E333-8FDC-42A3-9474-1A3956D46DE8}") = "MSBuild", "MSBuild", "{F32D16F1-3419-4401-9036-94B60C2C14BE}"
	ProjectSection(SolutionItems) = preProject
		Tools\MSBuild\Directory.Build.props = Tools\MSBuild\Directory.Build.props
		Tools\MSBuild\README.md = Tools\MSBuild\README.md
		Tools\MSBuild\sign.ps1 = Tools\MSBuild\sign.ps1
	EndProjectSection
EndProject
Project("{2150E333-8FDC-42A3-9474-1A3956D46DE8}") = "Watcher", "Watcher", "{6B7D8653-4ADC-45AD-8289-C933FCDA34B2}"
	ProjectSection(SolutionItems) = preProject
		Watcher\Directory.Build.props = Watcher\Directory.Build.props
		Watcher\README.md = Watcher\README.md
		Watcher\sign.ps1 = Watcher\sign.ps1
	EndProjectSection
EndProject
Project("{9A19103F-16F7-4668-BE54-9A1E7A4F7556}") = "Wangkanai.Watcher", "Watcher\src\Wangkanai.Watcher.csproj", "{271306A6-4903-4EB2-AE7B-86B0826BD81E}"
EndProject
Project("{9A19103F-16F7-4668-BE54-9A1E7A4F7556}") = "Wangkanai.Watcher.Tests", "Watcher\tests\Wangkanai.Watcher.Tests.csproj", "{37B59B4E-88FD-4FAE-BBFC-290E2E249216}"
EndProject
Project("{2150E333-8FDC-42A3-9474-1A3956D46DE8}") = "CommandLine", "CommandLine", "{C5C4D631-1DA0-40D1-9B62-D4D5D41E8859}"
	ProjectSection(SolutionItems) = preProject
		Extensions\CommandLine\Directory.Build.props = Extensions\CommandLine\Directory.Build.props
		Extensions\CommandLine\README.md = Extensions\CommandLine\README.md
	EndProjectSection
EndProject
Project("{2150E333-8FDC-42A3-9474-1A3956D46DE8}") = "Tools", "Tools", "{084E5C3F-9E52-40A3-9094-C406A2306BAB}"
	ProjectSection(SolutionItems) = preProject
		Tools\Directory.Build.props = Tools\Directory.Build.props
		Tools\README.md = Tools\README.md
		Tools\sign.ps1 = Tools\sign.ps1
	EndProjectSection
EndProject
Project("{9A19103F-16F7-4668-BE54-9A1E7A4F7556}") = "Wangkanai.MSBuild", "Tools\MSBuild\src\Wangkanai.MSBuild.csproj", "{A80B6DAF-AA55-465E-9D99-6BFF7270DF36}"
EndProject
Project("{9A19103F-16F7-4668-BE54-9A1E7A4F7556}") = "Wangkanai.MSBuild.Tests", "Tools\MSBuild\tests\Wangkanai.MSBuild.Tests.csproj", "{02E6D09F-C053-4A66-8229-518DA83F05D4}"
EndProject
Project("{9A19103F-16F7-4668-BE54-9A1E7A4F7556}") = "Wangkanai.Tabler.Demo.Domain", "Tabler\demo\Domain\Wangkanai.Tabler.Demo.Domain.csproj", "{95F3FF01-5D91-4375-ABB4-0C3B24611EC1}"
EndProject
Project("{9A19103F-16F7-4668-BE54-9A1E7A4F7556}") = "Wangkanai.Blazor.Demo.Domain", "Blazor\demo\Domain\Wangkanai.Blazor.Demo.Domain.csproj", "{6A0C2755-36BB-45F8-B920-6E2EC8C0B112}"
EndProject
Project("{9A19103F-16F7-4668-BE54-9A1E7A4F7556}") = "Wangkanai.Blazor.Components", "Blazor\src\Components\Wangkanai.Blazor.Components.csproj", "{4D626185-D5F9-43C0-B0D3-8AADAFAC3B9F}"
EndProject
Project("{9A19103F-16F7-4668-BE54-9A1E7A4F7556}") = "Wangkanai.Blazor.Components.Web", "Blazor\src\Web\Wangkanai.Blazor.Components.Web.csproj", "{66C6499D-1F34-46B9-9419-31D9FE3C392A}"
EndProject
Project("{2150E333-8FDC-42A3-9474-1A3956D46DE8}") = "Shared", "Shared", "{FB2F585C-6B7A-4D40-9FE0-08E0F9A30386}"
	ProjectSection(SolutionItems) = preProject
		Shared\README.md = Shared\README.md
	EndProjectSection
EndProject
Project("{9A19103F-16F7-4668-BE54-9A1E7A4F7556}") = "Wangkanai.Shared", "Shared\src\Wangkanai.Shared.csproj", "{A260283F-253B-4C44-9D90-455BF8087C40}"
EndProject
Project("{9A19103F-16F7-4668-BE54-9A1E7A4F7556}") = "Wangkanai.Shared.Tests", "Shared\tests\Wangkanai.Shared.Tests.csproj", "{96E771C5-8E6B-4B0A-9AD1-C52EA4C062DD}"
EndProject
Project("{9A19103F-16F7-4668-BE54-9A1E7A4F7556}") = "Wangkanai.Blazor", "Blazor\src\Core\Wangkanai.Blazor.csproj", "{83F84C5F-228C-461B-9177-F48AC1A15DE4}"
EndProject
Project("{9A19103F-16F7-4668-BE54-9A1E7A4F7556}") = "Wangkanai.Webmaster.Benchmark", "Webmaster\benchmark\Wangkanai.Webmaster.Benchmark.csproj", "{92B8B97D-9FC0-486D-9206-648776CDDC84}"
EndProject
Project("{9A19103F-16F7-4668-BE54-9A1E7A4F7556}") = "Wangkanai.Universal.Benchmark", "Universal\benchmark\Wangkanai.Universal.Benchmark.csproj", "{ECE1DF09-B6AA-4F3B-8BDD-0BA773D9FC41}"
EndProject
Project("{9A19103F-16F7-4668-BE54-9A1E7A4F7556}") = "WebmasterPage", "Webmaster\samples\WebmasterPage\WebmasterPage.csproj", "{6F4DE3E4-2B27-46DA-92CA-65D6198E2563}"
EndProject
Project("{9A19103F-16F7-4668-BE54-9A1E7A4F7556}") = "WebmasterMvc", "Webmaster\samples\WebmasterMvc\WebmasterMvc.csproj", "{7192799B-615B-4DF5-8C1F-C7D6E7CD5132}"
EndProject
Project("{9A19103F-16F7-4668-BE54-9A1E7A4F7556}") = "ResponsivePage", "Responsive\samples\page\ResponsivePage.csproj", "{AFA5E42E-96E0-4997-97C0-DBC3DCE4D734}"
EndProject
Project("{9A19103F-16F7-4668-BE54-9A1E7A4F7556}") = "ResponsiveWeb", "Responsive\samples\mvc\ResponsiveWeb.csproj", "{235AB3F5-3496-4CCC-A8BD-14022346ABCC}"
EndProject
Project("{9A19103F-16F7-4668-BE54-9A1E7A4F7556}") = "DetectionMvc", "Detection\samples\mvc\DetectionMvc.csproj", "{7DCB316F-9E32-495F-BC5C-956886739234}"
EndProject
Project("{9A19103F-16F7-4668-BE54-9A1E7A4F7556}") = "Markdown", "Markdown\samples\Markdown\Markdown.csproj", "{75246C6F-704B-4234-8F58-00D8CBE4455D}"
EndProject
Project("{9A19103F-16F7-4668-BE54-9A1E7A4F7556}") = "Wangkanai.Markdown.Benchmark", "Markdown\benchmark\Wangkanai.Markdown.Benchmark.csproj", "{04C1AF6E-C899-403F-8F69-B507883824EF}"
EndProject
Project("{9A19103F-16F7-4668-BE54-9A1E7A4F7556}") = "Wangkanai.Responsive.Benchmark", "Responsive\benchmark\Wangkanai.Responsive.Benchmark.csproj", "{47A46DE7-D743-4C22-9977-144FAB77DC24}"
EndProject
Project("{9A19103F-16F7-4668-BE54-9A1E7A4F7556}") = "Wangkanai.Analytics.Benchmark", "Analytics\benchmark\Wangkanai.Analytics.Benchmark.csproj", "{C5C0B9F1-C2FC-4428-AE27-0188EC5EE131}"
EndProject
Project("{9A19103F-16F7-4668-BE54-9A1E7A4F7556}") = "Wangkanai.SendGrid.Benchmark", "SendGrid\benchmark\Wangkanai.SendGrid.Benchmark.csproj", "{97419D9B-D4E5-48B3-9E18-258E8F8F2F3B}"
EndProject
Project("{9A19103F-16F7-4668-BE54-9A1E7A4F7556}") = "Wangkanai.Blazor.Benchmark", "Blazor\benchmark\Wangkanai.Blazor.Benchmark.csproj", "{52ACE4EB-C551-4189-B92F-F7B92C333B34}"
EndProject
Project("{9A19103F-16F7-4668-BE54-9A1E7A4F7556}") = "Wangkanai.Tabler.Benchmark", "Tabler\benchmark\Wangkanai.Tabler.Benchmark.csproj", "{9FD10445-6D7E-4D09-B123-F8E39A35709D}"
EndProject
Project("{9A19103F-16F7-4668-BE54-9A1E7A4F7556}") = "Wangkanai.Tabler", "Tabler\src\Core\Wangkanai.Tabler.csproj", "{5CDA521B-A2B6-4E96-B8D6-CFD1FAF2FC11}"
EndProject
Project("{9A19103F-16F7-4668-BE54-9A1E7A4F7556}") = "Wangkanai.Tabler.Components", "Tabler\src\Components\Wangkanai.Tabler.Components.csproj", "{2CEADA4F-C9A2-4C1D-8CF4-816291BABCAA}"
EndProject
Project("{9A19103F-16F7-4668-BE54-9A1E7A4F7556}") = "Wangkanai.Tabler.Components.Web", "Tabler\src\Web\Wangkanai.Tabler.Components.Web.csproj", "{677CDEB8-D55A-47AA-9622-C151B71B3298}"
EndProject
Project("{9A19103F-16F7-4668-BE54-9A1E7A4F7556}") = "Assets", "Assets\Assets.csproj", "{2B818DEC-9D03-4C61-B4D1-A180A263868F}"
EndProject
Project("{2150E333-8FDC-42A3-9474-1A3956D46DE8}") = "Web", "Web", "{700EC70E-E161-4461-B84F-1FCF166D0486}"
	ProjectSection(SolutionItems) = preProject
		Web\README.md = Web\README.md
		Web\Directory.Build.props = Web\Directory.Build.props
	EndProjectSection
EndProject
Project("{2150E333-8FDC-42A3-9474-1A3956D46DE8}") = "Extensions", "Extensions", "{ABDB88B8-683A-466C-A2DB-AFD516359619}"
	ProjectSection(SolutionItems) = preProject
		Extensions\Directory.Build.props = Extensions\Directory.Build.props
		Extensions\README.md = Extensions\README.md
		Extensions\sign.ps1 = Extensions\sign.ps1
	EndProjectSection
EndProject
Project("{2150E333-8FDC-42A3-9474-1A3956D46DE8}") = "FileProviders", "FileProviders", "{EE1EF4E3-ADB8-460F-9793-2E87E6DAA2E6}"
	ProjectSection(SolutionItems) = preProject
		Extensions\FileProviders\Directory.Build.props = Extensions\FileProviders\Directory.Build.props
		Extensions\FileProviders\README.md = Extensions\FileProviders\README.md
	EndProjectSection
EndProject
Project("{9A19103F-16F7-4668-BE54-9A1E7A4F7556}") = "Wangkanai.Extensions.FileProviders", "Extensions\FileProviders\src\Wangkanai.Extensions.FileProviders.csproj", "{19A26CED-9F29-4897-990C-79C23011BDD5}"
EndProject
Project("{9A19103F-16F7-4668-BE54-9A1E7A4F7556}") = "Wangkanai.Extensions.FileProviders.Tests", "Extensions\FileProviders\tests\Wangkanai.Extensions.FileProviders.Tests.csproj", "{80FFA07F-975B-4F2E-BE7C-79676344055E}"
EndProject
Project("{9A19103F-16F7-4668-BE54-9A1E7A4F7556}") = "Wangkanai.Extensions.Html", "Extensions\Html\src\Wangkanai.Extensions.Html.csproj", "{4017F4ED-E775-4AA7-831A-8467EFBC542E}"
EndProject
Project("{9A19103F-16F7-4668-BE54-9A1E7A4F7556}") = "Wangkanai.Extensions.Html.Tests", "Extensions\Html\tests\Wangkanai.Extensions.Html.Tests.csproj", "{6701A779-DA42-4B26-A920-631E8855855D}"
EndProject
Project("{2150E333-8FDC-42A3-9474-1A3956D46DE8}") = "assets", "assets", "{261C090A-5DAB-4A84-A35F-59D04ECE7357}"
	ProjectSection(SolutionItems) = preProject
		Responsive\docs\responsive-pages-file-structure.png = Responsive\docs\responsive-pages-file-structure.png
		Responsive\docs\responsive-views-file-structure.png = Responsive\docs\responsive-views-file-structure.png
	EndProjectSection
EndProject
Project("{9A19103F-16F7-4668-BE54-9A1E7A4F7556}") = "Wangkanai.System", "System\src\Wangkanai.System.csproj", "{77FDD6D6-9FF8-4B04-B936-C8CC81174649}"
EndProject
Project("{9A19103F-16F7-4668-BE54-9A1E7A4F7556}") = "Wangkanai.System.Tests", "System\tests\Wangkanai.System.Tests.csproj", "{5925CD69-175B-479F-93E8-FEB244928F95}"
EndProject
Project("{9A19103F-16F7-4668-BE54-9A1E7A4F7556}") = "Wangkanai.System.Benchmark", "System\benchmark\Wangkanai.System.Benchmark.csproj", "{460147BC-7960-4E70-8B1E-D602675D16F3}"
EndProject
Project("{2150E333-8FDC-42A3-9474-1A3956D46DE8}") = "Domain", "Domain", "{ACC97055-6427-45CF-90F5-4804E7CBB7BE}"
	ProjectSection(SolutionItems) = preProject
		Domain\Directory.Build.props = Domain\Directory.Build.props
		Domain\README.md = Domain\README.md
		Domain\sign.ps1 = Domain\sign.ps1
	EndProjectSection
EndProject
Project("{9A19103F-16F7-4668-BE54-9A1E7A4F7556}") = "Wangkanai.Domain", "Domain\src\Wangkanai.Domain.csproj", "{D8DD2FA3-55C6-4699-933B-77DE41C0EB82}"
EndProject
Project("{9A19103F-16F7-4668-BE54-9A1E7A4F7556}") = "Wangkanai.Domain.Tests", "Domain\tests\Wangkanai.Domain.Tests.csproj", "{28A0F142-5E23-49FD-8544-94556F9CDC95}"
EndProject
Project("{9A19103F-16F7-4668-BE54-9A1E7A4F7556}") = "Wangkanai.Domain.Benchmark", "Domain\benchmark\Wangkanai.Domain.Benchmark.csproj", "{9A65939A-42CF-4B60-8046-77F7DCC74AEF}"
EndProject
Project("{9A19103F-16F7-4668-BE54-9A1E7A4F7556}") = "Wangkanai.SignCode", "Tools\SignCode\src\Wangkanai.SignCode.csproj", "{0A955A2D-4CF8-4C89-96FE-BBD4DE0CAD04}"
EndProject
Project("{9A19103F-16F7-4668-BE54-9A1E7A4F7556}") = "Wangkanai.SignCode.Tests", "Tools\SignCode\tests\Wangkanai.SignCode.Tests.csproj", "{D16DCB05-B5E7-4B24-BDE8-5CCDBE9A61C0}"
EndProject
Project("{9A19103F-16F7-4668-BE54-9A1E7A4F7556}") = "Wangkanai.Extensions.CommandLine", "Extensions\CommandLine\src\Wangkanai.Extensions.CommandLine.csproj", "{8C718B7D-A4B6-4D49-8EB1-9B8AFBCAD11A}"
EndProject
Project("{9A19103F-16F7-4668-BE54-9A1E7A4F7556}") = "Wangkanai.Extensions.CommandLine.Tests", "Extensions\CommandLine\tests\Wangkanai.Extensions.CommandLine.Tests.csproj", "{75AD9673-5AE2-45B1-B384-73C1BFD005DC}"
EndProject
Project("{9A19103F-16F7-4668-BE54-9A1E7A4F7556}") = "Wangkanai.Extensions.CommandLine.Benchmark", "Extensions\CommandLine\benchmark\Wangkanai.Extensions.CommandLine.Benchmark.csproj", "{B0CE07ED-E379-4C77-800C-BA278201B635}"
EndProject
Project("{9A19103F-16F7-4668-BE54-9A1E7A4F7556}") = "Wangkanai.Solver.Benchmark", "Solver\benchmark\Wangkanai.Solver.Benchmark.csproj", "{B550C798-01DE-4BD9-ACD4-B6698DE68E71}"
EndProject
Project("{2150E333-8FDC-42A3-9474-1A3956D46DE8}") = "Federation", "Federation", "{B67C6017-6D9F-457A-807A-69381475D2EF}"
	ProjectSection(SolutionItems) = preProject
		Federation\Directory.Build.props = Federation\Directory.Build.props
		Federation\README.md = Federation\README.md
		Federation\sign.ps1 = Federation\sign.ps1
		Federation\Federation.slnf = Federation\Federation.slnf
		Federation\.editorconfig = Federation\.editorconfig
	EndProjectSection
EndProject
Project("{FAE04EC0-301F-11D3-BF4B-00C04F79EFBC}") = "Wangkanai.Federation", "Federation\src\Federation\Wangkanai.Federation.csproj", "{C49B819D-2F40-4427-A152-5E1C1323AEBC}"
EndProject
Project("{2150E333-8FDC-42A3-9474-1A3956D46DE8}") = "hosts", "hosts", "{93BD0D45-3A9F-4171-A265-C47F03E27FE2}"
	ProjectSection(SolutionItems) = preProject
		Federation\hosts\Directory.Build.props = Federation\hosts\Directory.Build.props
		Federation\hosts\.gitignore = Federation\hosts\.gitignore
	EndProjectSection
EndProject
Project("{FAE04EC0-301F-11D3-BF4B-00C04F79EFBC}") = "Wangkanai.Federation.Domain", "Federation\src\Domain\Wangkanai.Federation.Domain.csproj", "{D9B8E83E-84F4-47D3-95AD-A7D369095BB7}"
EndProject
Project("{FAE04EC0-301F-11D3-BF4B-00C04F79EFBC}") = "Wangkanai.Federation.AspNetIdentity", "Federation\src\AspNetIdentity\Wangkanai.Federation.AspNetIdentity.csproj", "{3E52A670-7D9C-402F-97E2-C76A4284078D}"
EndProject
Project("{2150E333-8FDC-42A3-9474-1A3956D46DE8}") = "EntityFramework", "EntityFramework", "{A0AD7904-0E47-4652-8BF9-C0EE13C8B7E1}"
	ProjectSection(SolutionItems) = preProject
		EntityFramework\sign.ps1 = EntityFramework\sign.ps1
		EntityFramework\README.md = EntityFramework\README.md
		EntityFramework\Directory.Build.props = EntityFramework\Directory.Build.props
	EndProjectSection
EndProject
Project("{FAE04EC0-301F-11D3-BF4B-00C04F79EFBC}") = "Wangkanai.Federation.Benchmark", "Federation\benchmark\Wangkanai.Federation.Benchmark.csproj", "{ECD6586E-059A-4318-9A8A-A440D2972FA4}"
EndProject
Project("{FAE04EC0-301F-11D3-BF4B-00C04F79EFBC}") = "Wangkanai.EntityFramework", "EntityFramework\src\Wangkanai.EntityFramework.csproj", "{4F88F51A-EDD7-4ABE-B033-1768AC7A7670}"
EndProject
Project("{FAE04EC0-301F-11D3-BF4B-00C04F79EFBC}") = "Wangkanai.EntityFramework.Tests", "EntityFramework\tests\Wangkanai.EntityFramework.Tests.csproj", "{B06BB37F-9F89-4B36-9829-0D22BD5E8205}"
EndProject
Project("{FAE04EC0-301F-11D3-BF4B-00C04F79EFBC}") = "Wangkanai.EntityFramework.Benchmark", "EntityFramework\benchmark\Wangkanai.EntityFramework.Benchmark.csproj", "{96A100AF-C5B2-472C-8CE3-69343D8990D6}"
EndProject
Project("{FAE04EC0-301F-11D3-BF4B-00C04F79EFBC}") = "Wangkanai.Federation.EntityFramework", "Federation\src\EntityFramework\Wangkanai.Federation.EntityFramework.csproj", "{CF8E2A33-8D94-4019-9B16-E2BFAA6E3624}"
EndProject
Project("{FAE04EC0-301F-11D3-BF4B-00C04F79EFBC}") = "Host.AspNetIdentity", "Federation\hosts\AspNetIdentity\Host.AspNetIdentity.csproj", "{F322AA9B-D32D-461D-BB18-9C97616F734B}"
EndProject
Project("{FAE04EC0-301F-11D3-BF4B-00C04F79EFBC}") = "Host.EntityFramework", "Federation\hosts\EntityFramework\Host.EntityFramework.csproj", "{F02CF688-1D8A-4099-A9D7-C14E2C8CF652}"
EndProject
Project("{FAE04EC0-301F-11D3-BF4B-00C04F79EFBC}") = "Host.Main", "Federation\hosts\Main\Host.Main.csproj", "{6E1F42BA-8881-4F33-896F-092CA49B5E8E}"
EndProject
Project("{2150E333-8FDC-42A3-9474-1A3956D46DE8}") = "Identity", "Identity", "{155178B3-7B1C-49EE-886C-BDBAA8277375}"
	ProjectSection(SolutionItems) = preProject
		Identity\README.md = Identity\README.md
		Identity\Directory.Build.props = Identity\Directory.Build.props
		Identity\sign.ps1 = Identity\sign.ps1
		Identity\.editorconfig = Identity\.editorconfig
	EndProjectSection
EndProject
Project("{FAE04EC0-301F-11D3-BF4B-00C04F79EFBC}") = "Wangkanai.Identity", "Identity\src\Wangkanai.Identity.csproj", "{754AFFD1-0597-49C6-A651-D0B6BAE6BF86}"
EndProject
Project("{FAE04EC0-301F-11D3-BF4B-00C04F79EFBC}") = "Wangkanai.Identity.Tests", "Identity\tests\Wangkanai.Identity.Tests.csproj", "{D73ABB2B-F5F0-4FDC-BFF0-0A1F04DEC220}"
EndProject
Project("{FAE04EC0-301F-11D3-BF4B-00C04F79EFBC}") = "Wangkanai.Identity.Benchmark", "Identity\benchmark\Wangkanai.Identity.Benchmark.csproj", "{475CFA60-752F-44A6-9FA6-89987EEB6EC9}"
EndProject
Project("{2150E333-8FDC-42A3-9474-1A3956D46DE8}") = "tests", "tests", "{718791D4-3866-4A7E-8242-32D6EC763738}"
EndProject
Project("{FAE04EC0-301F-11D3-BF4B-00C04F79EFBC}") = "Wangkanai.Federation.Tests", "Federation\tests\Federation\Wangkanai.Federation.Tests.csproj", "{1CA62F74-44EC-4B71-B9FE-30E1A0563686}"
EndProject
Project("{2150E333-8FDC-42A3-9474-1A3956D46DE8}") = "Security", "Security", "{CEB6F6F6-7AE2-43A0-B9DE-B8A8D9154405}"
	ProjectSection(SolutionItems) = preProject
		Security\README.md = Security\README.md
		Security\Directory.Build.props = Security\Directory.Build.props
		Security\sign.ps1 = Security\sign.ps1
		Security\Security.slnf = Security\Security.slnf
	EndProjectSection
EndProject
Project("{FAE04EC0-301F-11D3-BF4B-00C04F79EFBC}") = "Wangkanai.Security.Authentication", "Security\src\Authentication\Wangkanai.Security.Authentication.csproj", "{BF58B446-84AD-455B-A086-B2093B5BD404}"
EndProject
Project("{FAE04EC0-301F-11D3-BF4B-00C04F79EFBC}") = "Wangkanai.Security.Authorization", "Security\src\Authorization\Wangkanai.Security.Authorization.csproj", "{87950E10-2F01-4535-AD4F-B36137E84D93}"
EndProject
Project("{FAE04EC0-301F-11D3-BF4B-00C04F79EFBC}") = "Wangkanai.Security.Tests", "Security\tests\Security\Wangkanai.Security.Tests.csproj", "{0A5F5EC2-AA85-479A-99BD-79008225CF1B}"
EndProject
Project("{FAE04EC0-301F-11D3-BF4B-00C04F79EFBC}") = "Wangkanai.Security.Benchmark", "Security\benchmark\Wangkanai.Security.Benchmark.csproj", "{BF2DA6CE-5671-4121-A5B4-170FCB0F5F5A}"
EndProject
Project("{2150E333-8FDC-42A3-9474-1A3956D46DE8}") = "samples", "samples", "{FBF6F35E-B9C3-4AA8-AE85-377F9254FB11}"
EndProject
Project("{FAE04EC0-301F-11D3-BF4B-00C04F79EFBC}") = "Wangkanai.Security.RazorApp", "Security\samples\Razor\Wangkanai.Security.RazorApp.csproj", "{B77299F2-CBC6-43DC-BD7F-EB908B2896DE}"
EndProject
Project("{FAE04EC0-301F-11D3-BF4B-00C04F79EFBC}") = "Wangkanai.Security.Core", "Security\src\Core\Wangkanai.Security.Core.csproj", "{CB4F3B8B-1D7B-4C6B-9051-F38C64DD53EB}"
EndProject
Project("{2150E333-8FDC-42A3-9474-1A3956D46DE8}") = "ISSUE_TEMPLATE", "ISSUE_TEMPLATE", "{8C6C7F6B-6CAD-4434-B6F7-3DAE90266B68}"
	ProjectSection(SolutionItems) = preProject
		.github\ISSUE_TEMPLATE\bug_report.md = .github\ISSUE_TEMPLATE\bug_report.md
		.github\ISSUE_TEMPLATE\feature_request.md = .github\ISSUE_TEMPLATE\feature_request.md
		.github\ISSUE_TEMPLATE\design_note.md = .github\ISSUE_TEMPLATE\design_note.md
	EndProjectSection
EndProject
Project("{FAE04EC0-301F-11D3-BF4B-00C04F79EFBC}") = "Wangkanai.Federation.BackendForFrontend", "Federation\src\BackendForFrontend\Wangkanai.Federation.BackendForFrontend.csproj", "{B7C1416A-18B2-469D-9365-505A3A16BE32}"
EndProject
Project("{FAE04EC0-301F-11D3-BF4B-00C04F79EFBC}") = "Wangkanai.Web.Server", "Web\src\Wangkanai.Web.Server.csproj", "{9704DF16-E613-49BD-A679-20B4E38B808D}"
EndProject
Project("{FAE04EC0-301F-11D3-BF4B-00C04F79EFBC}") = "Wangkanai.Web.Server.Tests", "Web\tests\Wangkanai.Web.Server.Tests.csproj", "{94262D60-6A35-4373-AFF1-720E78EE076C}"
EndProject
Project("{2150E333-8FDC-42A3-9474-1A3956D46DE8}") = "Mvc", "Mvc", "{047F1FC1-32F6-4C73-BB4F-75A6E4BF6D56}"
	ProjectSection(SolutionItems) = preProject
		Mvc\Directory.Build.props = Mvc\Directory.Build.props
		Mvc\README.md = Mvc\README.md
		Mvc\sign.ps1 = Mvc\sign.ps1
	EndProjectSection
EndProject
Project("{FAE04EC0-301F-11D3-BF4B-00C04F79EFBC}") = "Wangkanai.Mvc", "Mvc\src\Wangkanai.Mvc.csproj", "{87D8623E-9584-43D1-BC01-2988E5149C8D}"
EndProject
Project("{FAE04EC0-301F-11D3-BF4B-00C04F79EFBC}") = "Wangkanai.Mvc.Test", "Mvc\tests\Wangkanai.Mvc.Test.csproj", "{C254BBC0-B828-4D16-852D-EAC04B904046}"
EndProject
Project("{2150E333-8FDC-42A3-9474-1A3956D46DE8}") = "Internal", "Internal", "{0A7F10BF-EA60-4A19-9F07-3D9CE40F5952}"
	ProjectSection(SolutionItems) = preProject
		Extensions\Internal\Directory.Build.props = Extensions\Internal\Directory.Build.props
		Extensions\Internal\README.md = Extensions\Internal\README.md
		Extensions\Internal\sign.ps1 = Extensions\Internal\sign.ps1
	EndProjectSection
EndProject
Project("{FAE04EC0-301F-11D3-BF4B-00C04F79EFBC}") = "Wangkanai.Extensions.Internal", "Extensions\Internal\src\Wangkanai.Extensions.Internal.csproj", "{DE1B420A-E7F3-446D-9FB6-77FA89AC17B6}"
EndProject
Project("{FAE04EC0-301F-11D3-BF4B-00C04F79EFBC}") = "Wangkanai.Extensions.Internal.Test", "Extensions\Internal\tests\Wangkanai.Extensions.Internal.Test.csproj", "{2ADC834E-E648-44D0-B5C0-3B2E02BB42CA}"
EndProject
Project("{2150E333-8FDC-42A3-9474-1A3956D46DE8}") = "IdentityAdmin", "IdentityAdmin", "{D1B7B359-752F-4F18-8AF7-99FAC4D681A1}"
	ProjectSection(SolutionItems) = preProject
		IdentityAdmin\Directory.Build.props = IdentityAdmin\Directory.Build.props
		IdentityAdmin\README.md = IdentityAdmin\README.md
		IdentityAdmin\sign.ps1 = IdentityAdmin\sign.ps1
	EndProjectSection
EndProject
Project("{FAE04EC0-301F-11D3-BF4B-00C04F79EFBC}") = "Wangkanai.IdentityAdmin", "IdentityAdmin\src\Wangkanai.IdentityAdmin.csproj", "{C5D44518-DD28-4F89-BD09-E60E0A1259EF}"
EndProject
Project("{FAE04EC0-301F-11D3-BF4B-00C04F79EFBC}") = "Wangkanai.IdentityAdmin.Test", "IdentityAdmin\tests\Wangkanai.IdentityAdmin.Test.csproj", "{FE230712-9BEA-4859-88BD-7A098DB0AFEF}"
EndProject
Global
	GlobalSection(SolutionConfigurationPlatforms) = preSolution
		Debug|Any CPU = Debug|Any CPU
		Release|Any CPU = Release|Any CPU
	EndGlobalSection
	GlobalSection(ProjectConfigurationPlatforms) = postSolution
		{F03915B4-D898-4A10-A6C9-E35DC1E527F8}.Debug|Any CPU.ActiveCfg = Debug|Any CPU
		{F03915B4-D898-4A10-A6C9-E35DC1E527F8}.Debug|Any CPU.Build.0 = Debug|Any CPU
		{F03915B4-D898-4A10-A6C9-E35DC1E527F8}.Release|Any CPU.ActiveCfg = Release|Any CPU
		{F03915B4-D898-4A10-A6C9-E35DC1E527F8}.Release|Any CPU.Build.0 = Release|Any CPU
		{646C9D67-D0EC-477E-B772-247D956DB601}.Debug|Any CPU.ActiveCfg = Debug|Any CPU
		{646C9D67-D0EC-477E-B772-247D956DB601}.Debug|Any CPU.Build.0 = Debug|Any CPU
		{646C9D67-D0EC-477E-B772-247D956DB601}.Release|Any CPU.ActiveCfg = Release|Any CPU
		{646C9D67-D0EC-477E-B772-247D956DB601}.Release|Any CPU.Build.0 = Release|Any CPU
		{F15A7B1F-DE42-4D74-9531-66D398D175D3}.Debug|Any CPU.ActiveCfg = Debug|Any CPU
		{F15A7B1F-DE42-4D74-9531-66D398D175D3}.Debug|Any CPU.Build.0 = Debug|Any CPU
		{F15A7B1F-DE42-4D74-9531-66D398D175D3}.Release|Any CPU.ActiveCfg = Release|Any CPU
		{F15A7B1F-DE42-4D74-9531-66D398D175D3}.Release|Any CPU.Build.0 = Release|Any CPU
		{0C42571F-C996-4C9C-BF66-979681BF395A}.Debug|Any CPU.ActiveCfg = Debug|Any CPU
		{0C42571F-C996-4C9C-BF66-979681BF395A}.Debug|Any CPU.Build.0 = Debug|Any CPU
		{0C42571F-C996-4C9C-BF66-979681BF395A}.Release|Any CPU.ActiveCfg = Release|Any CPU
		{0C42571F-C996-4C9C-BF66-979681BF395A}.Release|Any CPU.Build.0 = Release|Any CPU
		{C296FB1B-7FC9-4936-AD17-65005D025126}.Debug|Any CPU.ActiveCfg = Debug|Any CPU
		{C296FB1B-7FC9-4936-AD17-65005D025126}.Debug|Any CPU.Build.0 = Debug|Any CPU
		{C296FB1B-7FC9-4936-AD17-65005D025126}.Release|Any CPU.ActiveCfg = Release|Any CPU
		{C296FB1B-7FC9-4936-AD17-65005D025126}.Release|Any CPU.Build.0 = Release|Any CPU
		{2BF98B43-B1F7-4236-A418-425E9AFFB327}.Debug|Any CPU.ActiveCfg = Debug|Any CPU
		{2BF98B43-B1F7-4236-A418-425E9AFFB327}.Debug|Any CPU.Build.0 = Debug|Any CPU
		{2BF98B43-B1F7-4236-A418-425E9AFFB327}.Release|Any CPU.ActiveCfg = Release|Any CPU
		{2BF98B43-B1F7-4236-A418-425E9AFFB327}.Release|Any CPU.Build.0 = Release|Any CPU
		{973E7E37-27FD-404E-BBD2-D632470C67C9}.Debug|Any CPU.ActiveCfg = Debug|Any CPU
		{973E7E37-27FD-404E-BBD2-D632470C67C9}.Debug|Any CPU.Build.0 = Debug|Any CPU
		{973E7E37-27FD-404E-BBD2-D632470C67C9}.Release|Any CPU.ActiveCfg = Release|Any CPU
		{973E7E37-27FD-404E-BBD2-D632470C67C9}.Release|Any CPU.Build.0 = Release|Any CPU
		{4C025D69-3B12-4AB9-8095-73970017E834}.Debug|Any CPU.ActiveCfg = Debug|Any CPU
		{4C025D69-3B12-4AB9-8095-73970017E834}.Debug|Any CPU.Build.0 = Debug|Any CPU
		{4C025D69-3B12-4AB9-8095-73970017E834}.Release|Any CPU.ActiveCfg = Release|Any CPU
		{4C025D69-3B12-4AB9-8095-73970017E834}.Release|Any CPU.Build.0 = Release|Any CPU
		{40C64D52-CDFF-45DA-BC80-A5775C0EBBC0}.Debug|Any CPU.ActiveCfg = Debug|Any CPU
		{40C64D52-CDFF-45DA-BC80-A5775C0EBBC0}.Debug|Any CPU.Build.0 = Debug|Any CPU
		{40C64D52-CDFF-45DA-BC80-A5775C0EBBC0}.Release|Any CPU.ActiveCfg = Release|Any CPU
		{40C64D52-CDFF-45DA-BC80-A5775C0EBBC0}.Release|Any CPU.Build.0 = Release|Any CPU
		{46CD103A-5E5C-43D2-9ECF-7D012B720A08}.Debug|Any CPU.ActiveCfg = Debug|Any CPU
		{46CD103A-5E5C-43D2-9ECF-7D012B720A08}.Debug|Any CPU.Build.0 = Debug|Any CPU
		{46CD103A-5E5C-43D2-9ECF-7D012B720A08}.Release|Any CPU.ActiveCfg = Release|Any CPU
		{46CD103A-5E5C-43D2-9ECF-7D012B720A08}.Release|Any CPU.Build.0 = Release|Any CPU
		{3BF37E15-B706-409C-96F7-AF2D033F509E}.Debug|Any CPU.ActiveCfg = Debug|Any CPU
		{3BF37E15-B706-409C-96F7-AF2D033F509E}.Debug|Any CPU.Build.0 = Debug|Any CPU
		{3BF37E15-B706-409C-96F7-AF2D033F509E}.Release|Any CPU.ActiveCfg = Release|Any CPU
		{3BF37E15-B706-409C-96F7-AF2D033F509E}.Release|Any CPU.Build.0 = Release|Any CPU
		{5502A4D7-EB68-4389-8696-10500E9347CB}.Debug|Any CPU.ActiveCfg = Debug|Any CPU
		{5502A4D7-EB68-4389-8696-10500E9347CB}.Debug|Any CPU.Build.0 = Debug|Any CPU
		{5502A4D7-EB68-4389-8696-10500E9347CB}.Release|Any CPU.ActiveCfg = Release|Any CPU
		{5502A4D7-EB68-4389-8696-10500E9347CB}.Release|Any CPU.Build.0 = Release|Any CPU
		{C0530FF7-9157-4FDA-AC0A-A60AD74E8C71}.Debug|Any CPU.ActiveCfg = Debug|Any CPU
		{C0530FF7-9157-4FDA-AC0A-A60AD74E8C71}.Debug|Any CPU.Build.0 = Debug|Any CPU
		{C0530FF7-9157-4FDA-AC0A-A60AD74E8C71}.Release|Any CPU.ActiveCfg = Release|Any CPU
		{C0530FF7-9157-4FDA-AC0A-A60AD74E8C71}.Release|Any CPU.Build.0 = Release|Any CPU
		{99BDB862-09BC-42A3-8643-4874F3EED50F}.Debug|Any CPU.ActiveCfg = Debug|Any CPU
		{99BDB862-09BC-42A3-8643-4874F3EED50F}.Debug|Any CPU.Build.0 = Debug|Any CPU
		{99BDB862-09BC-42A3-8643-4874F3EED50F}.Release|Any CPU.ActiveCfg = Release|Any CPU
		{99BDB862-09BC-42A3-8643-4874F3EED50F}.Release|Any CPU.Build.0 = Release|Any CPU
		{717BA7DD-96E6-4661-A385-BF2923112C6E}.Debug|Any CPU.ActiveCfg = Debug|Any CPU
		{717BA7DD-96E6-4661-A385-BF2923112C6E}.Debug|Any CPU.Build.0 = Debug|Any CPU
		{717BA7DD-96E6-4661-A385-BF2923112C6E}.Release|Any CPU.ActiveCfg = Release|Any CPU
		{717BA7DD-96E6-4661-A385-BF2923112C6E}.Release|Any CPU.Build.0 = Release|Any CPU
		{89B7172F-DED2-4188-B8C3-55DC505906F0}.Debug|Any CPU.ActiveCfg = Debug|Any CPU
		{89B7172F-DED2-4188-B8C3-55DC505906F0}.Debug|Any CPU.Build.0 = Debug|Any CPU
		{89B7172F-DED2-4188-B8C3-55DC505906F0}.Release|Any CPU.ActiveCfg = Release|Any CPU
		{89B7172F-DED2-4188-B8C3-55DC505906F0}.Release|Any CPU.Build.0 = Release|Any CPU
		{33B2A6FA-15BB-4071-A3D1-2644F0A35AAA}.Debug|Any CPU.ActiveCfg = Debug|Any CPU
		{33B2A6FA-15BB-4071-A3D1-2644F0A35AAA}.Debug|Any CPU.Build.0 = Debug|Any CPU
		{33B2A6FA-15BB-4071-A3D1-2644F0A35AAA}.Release|Any CPU.ActiveCfg = Release|Any CPU
		{33B2A6FA-15BB-4071-A3D1-2644F0A35AAA}.Release|Any CPU.Build.0 = Release|Any CPU
		{BA993356-DADC-412B-A24F-8AEACDC5FA53}.Debug|Any CPU.ActiveCfg = Debug|Any CPU
		{BA993356-DADC-412B-A24F-8AEACDC5FA53}.Debug|Any CPU.Build.0 = Debug|Any CPU
		{BA993356-DADC-412B-A24F-8AEACDC5FA53}.Release|Any CPU.ActiveCfg = Release|Any CPU
		{BA993356-DADC-412B-A24F-8AEACDC5FA53}.Release|Any CPU.Build.0 = Release|Any CPU
		{994F5DCC-4701-4897-91A9-2F3634F3EAEB}.Debug|Any CPU.ActiveCfg = Debug|Any CPU
		{994F5DCC-4701-4897-91A9-2F3634F3EAEB}.Debug|Any CPU.Build.0 = Debug|Any CPU
		{994F5DCC-4701-4897-91A9-2F3634F3EAEB}.Release|Any CPU.ActiveCfg = Release|Any CPU
		{994F5DCC-4701-4897-91A9-2F3634F3EAEB}.Release|Any CPU.Build.0 = Release|Any CPU
		{B393DA26-6011-4F3B-917D-13FEA381A77A}.Debug|Any CPU.ActiveCfg = Debug|Any CPU
		{B393DA26-6011-4F3B-917D-13FEA381A77A}.Debug|Any CPU.Build.0 = Debug|Any CPU
		{B393DA26-6011-4F3B-917D-13FEA381A77A}.Release|Any CPU.ActiveCfg = Release|Any CPU
		{B393DA26-6011-4F3B-917D-13FEA381A77A}.Release|Any CPU.Build.0 = Release|Any CPU
		{AC302302-E3A7-4FAA-AA41-7F7CC2077B57}.Debug|Any CPU.ActiveCfg = Debug|Any CPU
		{AC302302-E3A7-4FAA-AA41-7F7CC2077B57}.Debug|Any CPU.Build.0 = Debug|Any CPU
		{AC302302-E3A7-4FAA-AA41-7F7CC2077B57}.Release|Any CPU.ActiveCfg = Release|Any CPU
		{AC302302-E3A7-4FAA-AA41-7F7CC2077B57}.Release|Any CPU.Build.0 = Release|Any CPU
		{FF587B44-9646-43F7-9C92-57D26400C91B}.Debug|Any CPU.ActiveCfg = Debug|Any CPU
		{FF587B44-9646-43F7-9C92-57D26400C91B}.Debug|Any CPU.Build.0 = Debug|Any CPU
		{FF587B44-9646-43F7-9C92-57D26400C91B}.Release|Any CPU.ActiveCfg = Release|Any CPU
		{FF587B44-9646-43F7-9C92-57D26400C91B}.Release|Any CPU.Build.0 = Release|Any CPU
		{8231E1DE-1906-4EFD-A022-B93E6066F833}.Debug|Any CPU.ActiveCfg = Debug|Any CPU
		{8231E1DE-1906-4EFD-A022-B93E6066F833}.Debug|Any CPU.Build.0 = Debug|Any CPU
		{8231E1DE-1906-4EFD-A022-B93E6066F833}.Release|Any CPU.ActiveCfg = Release|Any CPU
		{8231E1DE-1906-4EFD-A022-B93E6066F833}.Release|Any CPU.Build.0 = Release|Any CPU
		{9C0A9184-AB79-4958-8E6C-B6D8617F1013}.Debug|Any CPU.ActiveCfg = Debug|Any CPU
		{9C0A9184-AB79-4958-8E6C-B6D8617F1013}.Debug|Any CPU.Build.0 = Debug|Any CPU
		{9C0A9184-AB79-4958-8E6C-B6D8617F1013}.Release|Any CPU.ActiveCfg = Release|Any CPU
		{9C0A9184-AB79-4958-8E6C-B6D8617F1013}.Release|Any CPU.Build.0 = Release|Any CPU
		{4C8804C0-9406-443D-A5CD-10604DD265D2}.Debug|Any CPU.ActiveCfg = Debug|Any CPU
		{4C8804C0-9406-443D-A5CD-10604DD265D2}.Debug|Any CPU.Build.0 = Debug|Any CPU
		{4C8804C0-9406-443D-A5CD-10604DD265D2}.Release|Any CPU.ActiveCfg = Release|Any CPU
		{4C8804C0-9406-443D-A5CD-10604DD265D2}.Release|Any CPU.Build.0 = Release|Any CPU
		{C294AB84-A15A-4AA9-AE67-90A75F55CF30}.Debug|Any CPU.ActiveCfg = Debug|Any CPU
		{C294AB84-A15A-4AA9-AE67-90A75F55CF30}.Debug|Any CPU.Build.0 = Debug|Any CPU
		{C294AB84-A15A-4AA9-AE67-90A75F55CF30}.Release|Any CPU.ActiveCfg = Release|Any CPU
		{C294AB84-A15A-4AA9-AE67-90A75F55CF30}.Release|Any CPU.Build.0 = Release|Any CPU
		{3BC55F8B-971B-4611-B012-CDABA944BE96}.Debug|Any CPU.ActiveCfg = Debug|Any CPU
		{3BC55F8B-971B-4611-B012-CDABA944BE96}.Debug|Any CPU.Build.0 = Debug|Any CPU
		{3BC55F8B-971B-4611-B012-CDABA944BE96}.Release|Any CPU.ActiveCfg = Release|Any CPU
		{3BC55F8B-971B-4611-B012-CDABA944BE96}.Release|Any CPU.Build.0 = Release|Any CPU
		{6CFED18C-1869-4076-B0A0-91FDBC192746}.Debug|Any CPU.ActiveCfg = Debug|Any CPU
		{6CFED18C-1869-4076-B0A0-91FDBC192746}.Debug|Any CPU.Build.0 = Debug|Any CPU
		{6CFED18C-1869-4076-B0A0-91FDBC192746}.Release|Any CPU.ActiveCfg = Release|Any CPU
		{6CFED18C-1869-4076-B0A0-91FDBC192746}.Release|Any CPU.Build.0 = Release|Any CPU
		{10401268-943D-4A62-9FDB-E1F944EBB40D}.Debug|Any CPU.ActiveCfg = Debug|Any CPU
		{10401268-943D-4A62-9FDB-E1F944EBB40D}.Debug|Any CPU.Build.0 = Debug|Any CPU
		{10401268-943D-4A62-9FDB-E1F944EBB40D}.Release|Any CPU.ActiveCfg = Release|Any CPU
		{10401268-943D-4A62-9FDB-E1F944EBB40D}.Release|Any CPU.Build.0 = Release|Any CPU
		{E1D8712E-7A70-41DE-98B3-447A735E8BAE}.Debug|Any CPU.ActiveCfg = Debug|Any CPU
		{E1D8712E-7A70-41DE-98B3-447A735E8BAE}.Debug|Any CPU.Build.0 = Debug|Any CPU
		{E1D8712E-7A70-41DE-98B3-447A735E8BAE}.Release|Any CPU.ActiveCfg = Release|Any CPU
		{E1D8712E-7A70-41DE-98B3-447A735E8BAE}.Release|Any CPU.Build.0 = Release|Any CPU
		{12FFC597-94AE-43E2-AF6E-CC0578E0F0D6}.Debug|Any CPU.ActiveCfg = Debug|Any CPU
		{12FFC597-94AE-43E2-AF6E-CC0578E0F0D6}.Debug|Any CPU.Build.0 = Debug|Any CPU
		{12FFC597-94AE-43E2-AF6E-CC0578E0F0D6}.Release|Any CPU.ActiveCfg = Release|Any CPU
		{12FFC597-94AE-43E2-AF6E-CC0578E0F0D6}.Release|Any CPU.Build.0 = Release|Any CPU
		{271306A6-4903-4EB2-AE7B-86B0826BD81E}.Debug|Any CPU.ActiveCfg = Debug|Any CPU
		{271306A6-4903-4EB2-AE7B-86B0826BD81E}.Debug|Any CPU.Build.0 = Debug|Any CPU
		{271306A6-4903-4EB2-AE7B-86B0826BD81E}.Release|Any CPU.ActiveCfg = Release|Any CPU
		{271306A6-4903-4EB2-AE7B-86B0826BD81E}.Release|Any CPU.Build.0 = Release|Any CPU
		{37B59B4E-88FD-4FAE-BBFC-290E2E249216}.Debug|Any CPU.ActiveCfg = Debug|Any CPU
		{37B59B4E-88FD-4FAE-BBFC-290E2E249216}.Debug|Any CPU.Build.0 = Debug|Any CPU
		{37B59B4E-88FD-4FAE-BBFC-290E2E249216}.Release|Any CPU.ActiveCfg = Release|Any CPU
		{37B59B4E-88FD-4FAE-BBFC-290E2E249216}.Release|Any CPU.Build.0 = Release|Any CPU
		{A80B6DAF-AA55-465E-9D99-6BFF7270DF36}.Debug|Any CPU.ActiveCfg = Debug|Any CPU
		{A80B6DAF-AA55-465E-9D99-6BFF7270DF36}.Debug|Any CPU.Build.0 = Debug|Any CPU
		{A80B6DAF-AA55-465E-9D99-6BFF7270DF36}.Release|Any CPU.ActiveCfg = Release|Any CPU
		{A80B6DAF-AA55-465E-9D99-6BFF7270DF36}.Release|Any CPU.Build.0 = Release|Any CPU
		{02E6D09F-C053-4A66-8229-518DA83F05D4}.Debug|Any CPU.ActiveCfg = Debug|Any CPU
		{02E6D09F-C053-4A66-8229-518DA83F05D4}.Debug|Any CPU.Build.0 = Debug|Any CPU
		{02E6D09F-C053-4A66-8229-518DA83F05D4}.Release|Any CPU.ActiveCfg = Release|Any CPU
		{02E6D09F-C053-4A66-8229-518DA83F05D4}.Release|Any CPU.Build.0 = Release|Any CPU
		{95F3FF01-5D91-4375-ABB4-0C3B24611EC1}.Debug|Any CPU.ActiveCfg = Debug|Any CPU
		{95F3FF01-5D91-4375-ABB4-0C3B24611EC1}.Debug|Any CPU.Build.0 = Debug|Any CPU
		{95F3FF01-5D91-4375-ABB4-0C3B24611EC1}.Release|Any CPU.ActiveCfg = Release|Any CPU
		{95F3FF01-5D91-4375-ABB4-0C3B24611EC1}.Release|Any CPU.Build.0 = Release|Any CPU
		{6A0C2755-36BB-45F8-B920-6E2EC8C0B112}.Debug|Any CPU.ActiveCfg = Debug|Any CPU
		{6A0C2755-36BB-45F8-B920-6E2EC8C0B112}.Debug|Any CPU.Build.0 = Debug|Any CPU
		{6A0C2755-36BB-45F8-B920-6E2EC8C0B112}.Release|Any CPU.ActiveCfg = Release|Any CPU
		{6A0C2755-36BB-45F8-B920-6E2EC8C0B112}.Release|Any CPU.Build.0 = Release|Any CPU
		{4D626185-D5F9-43C0-B0D3-8AADAFAC3B9F}.Debug|Any CPU.ActiveCfg = Debug|Any CPU
		{4D626185-D5F9-43C0-B0D3-8AADAFAC3B9F}.Debug|Any CPU.Build.0 = Debug|Any CPU
		{4D626185-D5F9-43C0-B0D3-8AADAFAC3B9F}.Release|Any CPU.ActiveCfg = Release|Any CPU
		{4D626185-D5F9-43C0-B0D3-8AADAFAC3B9F}.Release|Any CPU.Build.0 = Release|Any CPU
		{66C6499D-1F34-46B9-9419-31D9FE3C392A}.Debug|Any CPU.ActiveCfg = Debug|Any CPU
		{66C6499D-1F34-46B9-9419-31D9FE3C392A}.Debug|Any CPU.Build.0 = Debug|Any CPU
		{66C6499D-1F34-46B9-9419-31D9FE3C392A}.Release|Any CPU.ActiveCfg = Release|Any CPU
		{66C6499D-1F34-46B9-9419-31D9FE3C392A}.Release|Any CPU.Build.0 = Release|Any CPU
		{A260283F-253B-4C44-9D90-455BF8087C40}.Debug|Any CPU.ActiveCfg = Debug|Any CPU
		{A260283F-253B-4C44-9D90-455BF8087C40}.Debug|Any CPU.Build.0 = Debug|Any CPU
		{A260283F-253B-4C44-9D90-455BF8087C40}.Release|Any CPU.ActiveCfg = Release|Any CPU
		{A260283F-253B-4C44-9D90-455BF8087C40}.Release|Any CPU.Build.0 = Release|Any CPU
		{96E771C5-8E6B-4B0A-9AD1-C52EA4C062DD}.Debug|Any CPU.ActiveCfg = Debug|Any CPU
		{96E771C5-8E6B-4B0A-9AD1-C52EA4C062DD}.Debug|Any CPU.Build.0 = Debug|Any CPU
		{96E771C5-8E6B-4B0A-9AD1-C52EA4C062DD}.Release|Any CPU.ActiveCfg = Release|Any CPU
		{96E771C5-8E6B-4B0A-9AD1-C52EA4C062DD}.Release|Any CPU.Build.0 = Release|Any CPU
		{83F84C5F-228C-461B-9177-F48AC1A15DE4}.Debug|Any CPU.ActiveCfg = Debug|Any CPU
		{83F84C5F-228C-461B-9177-F48AC1A15DE4}.Debug|Any CPU.Build.0 = Debug|Any CPU
		{83F84C5F-228C-461B-9177-F48AC1A15DE4}.Release|Any CPU.ActiveCfg = Release|Any CPU
		{83F84C5F-228C-461B-9177-F48AC1A15DE4}.Release|Any CPU.Build.0 = Release|Any CPU
		{92B8B97D-9FC0-486D-9206-648776CDDC84}.Debug|Any CPU.ActiveCfg = Debug|Any CPU
		{92B8B97D-9FC0-486D-9206-648776CDDC84}.Debug|Any CPU.Build.0 = Debug|Any CPU
		{92B8B97D-9FC0-486D-9206-648776CDDC84}.Release|Any CPU.ActiveCfg = Release|Any CPU
		{92B8B97D-9FC0-486D-9206-648776CDDC84}.Release|Any CPU.Build.0 = Release|Any CPU
		{ECE1DF09-B6AA-4F3B-8BDD-0BA773D9FC41}.Debug|Any CPU.ActiveCfg = Debug|Any CPU
		{ECE1DF09-B6AA-4F3B-8BDD-0BA773D9FC41}.Debug|Any CPU.Build.0 = Debug|Any CPU
		{ECE1DF09-B6AA-4F3B-8BDD-0BA773D9FC41}.Release|Any CPU.ActiveCfg = Release|Any CPU
		{ECE1DF09-B6AA-4F3B-8BDD-0BA773D9FC41}.Release|Any CPU.Build.0 = Release|Any CPU
		{6F4DE3E4-2B27-46DA-92CA-65D6198E2563}.Debug|Any CPU.ActiveCfg = Debug|Any CPU
		{6F4DE3E4-2B27-46DA-92CA-65D6198E2563}.Release|Any CPU.ActiveCfg = Release|Any CPU
		{6F4DE3E4-2B27-46DA-92CA-65D6198E2563}.Release|Any CPU.Build.0 = Release|Any CPU
		{6F4DE3E4-2B27-46DA-92CA-65D6198E2563}.Debug|Any CPU.Build.0 = Debug|Any CPU
		{7192799B-615B-4DF5-8C1F-C7D6E7CD5132}.Debug|Any CPU.ActiveCfg = Debug|Any CPU
		{7192799B-615B-4DF5-8C1F-C7D6E7CD5132}.Release|Any CPU.ActiveCfg = Release|Any CPU
		{7192799B-615B-4DF5-8C1F-C7D6E7CD5132}.Release|Any CPU.Build.0 = Release|Any CPU
		{7192799B-615B-4DF5-8C1F-C7D6E7CD5132}.Debug|Any CPU.Build.0 = Debug|Any CPU
		{AFA5E42E-96E0-4997-97C0-DBC3DCE4D734}.Debug|Any CPU.ActiveCfg = Debug|Any CPU
		{AFA5E42E-96E0-4997-97C0-DBC3DCE4D734}.Release|Any CPU.ActiveCfg = Release|Any CPU
		{AFA5E42E-96E0-4997-97C0-DBC3DCE4D734}.Release|Any CPU.Build.0 = Release|Any CPU
		{AFA5E42E-96E0-4997-97C0-DBC3DCE4D734}.Debug|Any CPU.Build.0 = Debug|Any CPU
		{235AB3F5-3496-4CCC-A8BD-14022346ABCC}.Debug|Any CPU.ActiveCfg = Debug|Any CPU
		{235AB3F5-3496-4CCC-A8BD-14022346ABCC}.Release|Any CPU.ActiveCfg = Release|Any CPU
		{235AB3F5-3496-4CCC-A8BD-14022346ABCC}.Release|Any CPU.Build.0 = Release|Any CPU
		{235AB3F5-3496-4CCC-A8BD-14022346ABCC}.Debug|Any CPU.Build.0 = Debug|Any CPU
		{7DCB316F-9E32-495F-BC5C-956886739234}.Debug|Any CPU.ActiveCfg = Debug|Any CPU
		{7DCB316F-9E32-495F-BC5C-956886739234}.Release|Any CPU.ActiveCfg = Release|Any CPU
		{7DCB316F-9E32-495F-BC5C-956886739234}.Release|Any CPU.Build.0 = Release|Any CPU
		{7DCB316F-9E32-495F-BC5C-956886739234}.Debug|Any CPU.Build.0 = Debug|Any CPU
		{75246C6F-704B-4234-8F58-00D8CBE4455D}.Debug|Any CPU.ActiveCfg = Debug|Any CPU
		{75246C6F-704B-4234-8F58-00D8CBE4455D}.Debug|Any CPU.Build.0 = Debug|Any CPU
		{75246C6F-704B-4234-8F58-00D8CBE4455D}.Release|Any CPU.ActiveCfg = Release|Any CPU
		{75246C6F-704B-4234-8F58-00D8CBE4455D}.Release|Any CPU.Build.0 = Release|Any CPU
		{04C1AF6E-C899-403F-8F69-B507883824EF}.Debug|Any CPU.ActiveCfg = Debug|Any CPU
		{04C1AF6E-C899-403F-8F69-B507883824EF}.Debug|Any CPU.Build.0 = Debug|Any CPU
		{04C1AF6E-C899-403F-8F69-B507883824EF}.Release|Any CPU.ActiveCfg = Release|Any CPU
		{04C1AF6E-C899-403F-8F69-B507883824EF}.Release|Any CPU.Build.0 = Release|Any CPU
		{47A46DE7-D743-4C22-9977-144FAB77DC24}.Debug|Any CPU.ActiveCfg = Debug|Any CPU
		{47A46DE7-D743-4C22-9977-144FAB77DC24}.Debug|Any CPU.Build.0 = Debug|Any CPU
		{47A46DE7-D743-4C22-9977-144FAB77DC24}.Release|Any CPU.ActiveCfg = Release|Any CPU
		{47A46DE7-D743-4C22-9977-144FAB77DC24}.Release|Any CPU.Build.0 = Release|Any CPU
		{C5C0B9F1-C2FC-4428-AE27-0188EC5EE131}.Debug|Any CPU.ActiveCfg = Debug|Any CPU
		{C5C0B9F1-C2FC-4428-AE27-0188EC5EE131}.Debug|Any CPU.Build.0 = Debug|Any CPU
		{C5C0B9F1-C2FC-4428-AE27-0188EC5EE131}.Release|Any CPU.ActiveCfg = Release|Any CPU
		{C5C0B9F1-C2FC-4428-AE27-0188EC5EE131}.Release|Any CPU.Build.0 = Release|Any CPU
		{97419D9B-D4E5-48B3-9E18-258E8F8F2F3B}.Debug|Any CPU.ActiveCfg = Debug|Any CPU
		{97419D9B-D4E5-48B3-9E18-258E8F8F2F3B}.Debug|Any CPU.Build.0 = Debug|Any CPU
		{97419D9B-D4E5-48B3-9E18-258E8F8F2F3B}.Release|Any CPU.ActiveCfg = Release|Any CPU
		{97419D9B-D4E5-48B3-9E18-258E8F8F2F3B}.Release|Any CPU.Build.0 = Release|Any CPU
		{52ACE4EB-C551-4189-B92F-F7B92C333B34}.Debug|Any CPU.ActiveCfg = Debug|Any CPU
		{52ACE4EB-C551-4189-B92F-F7B92C333B34}.Debug|Any CPU.Build.0 = Debug|Any CPU
		{52ACE4EB-C551-4189-B92F-F7B92C333B34}.Release|Any CPU.ActiveCfg = Release|Any CPU
		{52ACE4EB-C551-4189-B92F-F7B92C333B34}.Release|Any CPU.Build.0 = Release|Any CPU
		{9FD10445-6D7E-4D09-B123-F8E39A35709D}.Debug|Any CPU.ActiveCfg = Debug|Any CPU
		{9FD10445-6D7E-4D09-B123-F8E39A35709D}.Debug|Any CPU.Build.0 = Debug|Any CPU
		{9FD10445-6D7E-4D09-B123-F8E39A35709D}.Release|Any CPU.ActiveCfg = Release|Any CPU
		{9FD10445-6D7E-4D09-B123-F8E39A35709D}.Release|Any CPU.Build.0 = Release|Any CPU
		{5CDA521B-A2B6-4E96-B8D6-CFD1FAF2FC11}.Debug|Any CPU.ActiveCfg = Debug|Any CPU
		{5CDA521B-A2B6-4E96-B8D6-CFD1FAF2FC11}.Debug|Any CPU.Build.0 = Debug|Any CPU
		{5CDA521B-A2B6-4E96-B8D6-CFD1FAF2FC11}.Release|Any CPU.ActiveCfg = Release|Any CPU
		{5CDA521B-A2B6-4E96-B8D6-CFD1FAF2FC11}.Release|Any CPU.Build.0 = Release|Any CPU
		{2CEADA4F-C9A2-4C1D-8CF4-816291BABCAA}.Debug|Any CPU.ActiveCfg = Debug|Any CPU
		{2CEADA4F-C9A2-4C1D-8CF4-816291BABCAA}.Debug|Any CPU.Build.0 = Debug|Any CPU
		{2CEADA4F-C9A2-4C1D-8CF4-816291BABCAA}.Release|Any CPU.ActiveCfg = Release|Any CPU
		{2CEADA4F-C9A2-4C1D-8CF4-816291BABCAA}.Release|Any CPU.Build.0 = Release|Any CPU
		{677CDEB8-D55A-47AA-9622-C151B71B3298}.Debug|Any CPU.ActiveCfg = Debug|Any CPU
		{677CDEB8-D55A-47AA-9622-C151B71B3298}.Debug|Any CPU.Build.0 = Debug|Any CPU
		{677CDEB8-D55A-47AA-9622-C151B71B3298}.Release|Any CPU.ActiveCfg = Release|Any CPU
		{677CDEB8-D55A-47AA-9622-C151B71B3298}.Release|Any CPU.Build.0 = Release|Any CPU
		{2B818DEC-9D03-4C61-B4D1-A180A263868F}.Debug|Any CPU.ActiveCfg = Debug|Any CPU
		{2B818DEC-9D03-4C61-B4D1-A180A263868F}.Debug|Any CPU.Build.0 = Debug|Any CPU
		{2B818DEC-9D03-4C61-B4D1-A180A263868F}.Release|Any CPU.ActiveCfg = Release|Any CPU
		{2B818DEC-9D03-4C61-B4D1-A180A263868F}.Release|Any CPU.Build.0 = Release|Any CPU
		{19A26CED-9F29-4897-990C-79C23011BDD5}.Debug|Any CPU.ActiveCfg = Debug|Any CPU
		{19A26CED-9F29-4897-990C-79C23011BDD5}.Debug|Any CPU.Build.0 = Debug|Any CPU
		{19A26CED-9F29-4897-990C-79C23011BDD5}.Release|Any CPU.ActiveCfg = Release|Any CPU
		{19A26CED-9F29-4897-990C-79C23011BDD5}.Release|Any CPU.Build.0 = Release|Any CPU
		{80FFA07F-975B-4F2E-BE7C-79676344055E}.Debug|Any CPU.ActiveCfg = Debug|Any CPU
		{80FFA07F-975B-4F2E-BE7C-79676344055E}.Debug|Any CPU.Build.0 = Debug|Any CPU
		{80FFA07F-975B-4F2E-BE7C-79676344055E}.Release|Any CPU.ActiveCfg = Release|Any CPU
		{80FFA07F-975B-4F2E-BE7C-79676344055E}.Release|Any CPU.Build.0 = Release|Any CPU
		{4017F4ED-E775-4AA7-831A-8467EFBC542E}.Debug|Any CPU.ActiveCfg = Debug|Any CPU
		{4017F4ED-E775-4AA7-831A-8467EFBC542E}.Debug|Any CPU.Build.0 = Debug|Any CPU
		{4017F4ED-E775-4AA7-831A-8467EFBC542E}.Release|Any CPU.ActiveCfg = Release|Any CPU
		{4017F4ED-E775-4AA7-831A-8467EFBC542E}.Release|Any CPU.Build.0 = Release|Any CPU
		{6701A779-DA42-4B26-A920-631E8855855D}.Debug|Any CPU.ActiveCfg = Debug|Any CPU
		{6701A779-DA42-4B26-A920-631E8855855D}.Debug|Any CPU.Build.0 = Debug|Any CPU
		{6701A779-DA42-4B26-A920-631E8855855D}.Release|Any CPU.ActiveCfg = Release|Any CPU
		{6701A779-DA42-4B26-A920-631E8855855D}.Release|Any CPU.Build.0 = Release|Any CPU
		{77FDD6D6-9FF8-4B04-B936-C8CC81174649}.Debug|Any CPU.ActiveCfg = Debug|Any CPU
		{77FDD6D6-9FF8-4B04-B936-C8CC81174649}.Debug|Any CPU.Build.0 = Debug|Any CPU
		{77FDD6D6-9FF8-4B04-B936-C8CC81174649}.Release|Any CPU.ActiveCfg = Release|Any CPU
		{77FDD6D6-9FF8-4B04-B936-C8CC81174649}.Release|Any CPU.Build.0 = Release|Any CPU
		{5925CD69-175B-479F-93E8-FEB244928F95}.Debug|Any CPU.ActiveCfg = Debug|Any CPU
		{5925CD69-175B-479F-93E8-FEB244928F95}.Debug|Any CPU.Build.0 = Debug|Any CPU
		{5925CD69-175B-479F-93E8-FEB244928F95}.Release|Any CPU.ActiveCfg = Release|Any CPU
		{5925CD69-175B-479F-93E8-FEB244928F95}.Release|Any CPU.Build.0 = Release|Any CPU
		{460147BC-7960-4E70-8B1E-D602675D16F3}.Debug|Any CPU.ActiveCfg = Debug|Any CPU
		{460147BC-7960-4E70-8B1E-D602675D16F3}.Debug|Any CPU.Build.0 = Debug|Any CPU
		{460147BC-7960-4E70-8B1E-D602675D16F3}.Release|Any CPU.ActiveCfg = Release|Any CPU
		{460147BC-7960-4E70-8B1E-D602675D16F3}.Release|Any CPU.Build.0 = Release|Any CPU
		{D8DD2FA3-55C6-4699-933B-77DE41C0EB82}.Debug|Any CPU.ActiveCfg = Debug|Any CPU
		{D8DD2FA3-55C6-4699-933B-77DE41C0EB82}.Debug|Any CPU.Build.0 = Debug|Any CPU
		{D8DD2FA3-55C6-4699-933B-77DE41C0EB82}.Release|Any CPU.ActiveCfg = Release|Any CPU
		{D8DD2FA3-55C6-4699-933B-77DE41C0EB82}.Release|Any CPU.Build.0 = Release|Any CPU
		{28A0F142-5E23-49FD-8544-94556F9CDC95}.Debug|Any CPU.ActiveCfg = Debug|Any CPU
		{28A0F142-5E23-49FD-8544-94556F9CDC95}.Debug|Any CPU.Build.0 = Debug|Any CPU
		{28A0F142-5E23-49FD-8544-94556F9CDC95}.Release|Any CPU.ActiveCfg = Release|Any CPU
		{28A0F142-5E23-49FD-8544-94556F9CDC95}.Release|Any CPU.Build.0 = Release|Any CPU
		{9A65939A-42CF-4B60-8046-77F7DCC74AEF}.Debug|Any CPU.ActiveCfg = Debug|Any CPU
		{9A65939A-42CF-4B60-8046-77F7DCC74AEF}.Debug|Any CPU.Build.0 = Debug|Any CPU
		{9A65939A-42CF-4B60-8046-77F7DCC74AEF}.Release|Any CPU.ActiveCfg = Release|Any CPU
		{9A65939A-42CF-4B60-8046-77F7DCC74AEF}.Release|Any CPU.Build.0 = Release|Any CPU
		{0A955A2D-4CF8-4C89-96FE-BBD4DE0CAD04}.Debug|Any CPU.ActiveCfg = Debug|Any CPU
		{0A955A2D-4CF8-4C89-96FE-BBD4DE0CAD04}.Debug|Any CPU.Build.0 = Debug|Any CPU
		{0A955A2D-4CF8-4C89-96FE-BBD4DE0CAD04}.Release|Any CPU.ActiveCfg = Release|Any CPU
		{0A955A2D-4CF8-4C89-96FE-BBD4DE0CAD04}.Release|Any CPU.Build.0 = Release|Any CPU
		{D16DCB05-B5E7-4B24-BDE8-5CCDBE9A61C0}.Debug|Any CPU.ActiveCfg = Debug|Any CPU
		{D16DCB05-B5E7-4B24-BDE8-5CCDBE9A61C0}.Debug|Any CPU.Build.0 = Debug|Any CPU
		{D16DCB05-B5E7-4B24-BDE8-5CCDBE9A61C0}.Release|Any CPU.ActiveCfg = Release|Any CPU
		{D16DCB05-B5E7-4B24-BDE8-5CCDBE9A61C0}.Release|Any CPU.Build.0 = Release|Any CPU
		{8C718B7D-A4B6-4D49-8EB1-9B8AFBCAD11A}.Debug|Any CPU.ActiveCfg = Debug|Any CPU
		{8C718B7D-A4B6-4D49-8EB1-9B8AFBCAD11A}.Debug|Any CPU.Build.0 = Debug|Any CPU
		{8C718B7D-A4B6-4D49-8EB1-9B8AFBCAD11A}.Release|Any CPU.ActiveCfg = Release|Any CPU
		{8C718B7D-A4B6-4D49-8EB1-9B8AFBCAD11A}.Release|Any CPU.Build.0 = Release|Any CPU
		{75AD9673-5AE2-45B1-B384-73C1BFD005DC}.Debug|Any CPU.ActiveCfg = Debug|Any CPU
		{75AD9673-5AE2-45B1-B384-73C1BFD005DC}.Debug|Any CPU.Build.0 = Debug|Any CPU
		{75AD9673-5AE2-45B1-B384-73C1BFD005DC}.Release|Any CPU.ActiveCfg = Release|Any CPU
		{75AD9673-5AE2-45B1-B384-73C1BFD005DC}.Release|Any CPU.Build.0 = Release|Any CPU
		{B0CE07ED-E379-4C77-800C-BA278201B635}.Debug|Any CPU.ActiveCfg = Debug|Any CPU
		{B0CE07ED-E379-4C77-800C-BA278201B635}.Debug|Any CPU.Build.0 = Debug|Any CPU
		{B0CE07ED-E379-4C77-800C-BA278201B635}.Release|Any CPU.ActiveCfg = Release|Any CPU
		{B0CE07ED-E379-4C77-800C-BA278201B635}.Release|Any CPU.Build.0 = Release|Any CPU
		{B550C798-01DE-4BD9-ACD4-B6698DE68E71}.Debug|Any CPU.ActiveCfg = Debug|Any CPU
		{B550C798-01DE-4BD9-ACD4-B6698DE68E71}.Debug|Any CPU.Build.0 = Debug|Any CPU
		{B550C798-01DE-4BD9-ACD4-B6698DE68E71}.Release|Any CPU.ActiveCfg = Release|Any CPU
		{B550C798-01DE-4BD9-ACD4-B6698DE68E71}.Release|Any CPU.Build.0 = Release|Any CPU
		{C49B819D-2F40-4427-A152-5E1C1323AEBC}.Debug|Any CPU.ActiveCfg = Debug|Any CPU
		{C49B819D-2F40-4427-A152-5E1C1323AEBC}.Debug|Any CPU.Build.0 = Debug|Any CPU
		{C49B819D-2F40-4427-A152-5E1C1323AEBC}.Release|Any CPU.ActiveCfg = Release|Any CPU
		{C49B819D-2F40-4427-A152-5E1C1323AEBC}.Release|Any CPU.Build.0 = Release|Any CPU
		{D9B8E83E-84F4-47D3-95AD-A7D369095BB7}.Debug|Any CPU.ActiveCfg = Debug|Any CPU
		{D9B8E83E-84F4-47D3-95AD-A7D369095BB7}.Debug|Any CPU.Build.0 = Debug|Any CPU
		{D9B8E83E-84F4-47D3-95AD-A7D369095BB7}.Release|Any CPU.ActiveCfg = Release|Any CPU
		{D9B8E83E-84F4-47D3-95AD-A7D369095BB7}.Release|Any CPU.Build.0 = Release|Any CPU
		{3E52A670-7D9C-402F-97E2-C76A4284078D}.Debug|Any CPU.ActiveCfg = Debug|Any CPU
		{3E52A670-7D9C-402F-97E2-C76A4284078D}.Debug|Any CPU.Build.0 = Debug|Any CPU
		{3E52A670-7D9C-402F-97E2-C76A4284078D}.Release|Any CPU.ActiveCfg = Release|Any CPU
		{3E52A670-7D9C-402F-97E2-C76A4284078D}.Release|Any CPU.Build.0 = Release|Any CPU
		{ECD6586E-059A-4318-9A8A-A440D2972FA4}.Debug|Any CPU.ActiveCfg = Debug|Any CPU
		{ECD6586E-059A-4318-9A8A-A440D2972FA4}.Debug|Any CPU.Build.0 = Debug|Any CPU
		{ECD6586E-059A-4318-9A8A-A440D2972FA4}.Release|Any CPU.ActiveCfg = Release|Any CPU
		{ECD6586E-059A-4318-9A8A-A440D2972FA4}.Release|Any CPU.Build.0 = Release|Any CPU
		{4F88F51A-EDD7-4ABE-B033-1768AC7A7670}.Debug|Any CPU.ActiveCfg = Debug|Any CPU
		{4F88F51A-EDD7-4ABE-B033-1768AC7A7670}.Debug|Any CPU.Build.0 = Debug|Any CPU
		{4F88F51A-EDD7-4ABE-B033-1768AC7A7670}.Release|Any CPU.ActiveCfg = Release|Any CPU
		{4F88F51A-EDD7-4ABE-B033-1768AC7A7670}.Release|Any CPU.Build.0 = Release|Any CPU
		{B06BB37F-9F89-4B36-9829-0D22BD5E8205}.Debug|Any CPU.ActiveCfg = Debug|Any CPU
		{B06BB37F-9F89-4B36-9829-0D22BD5E8205}.Debug|Any CPU.Build.0 = Debug|Any CPU
		{B06BB37F-9F89-4B36-9829-0D22BD5E8205}.Release|Any CPU.ActiveCfg = Release|Any CPU
		{B06BB37F-9F89-4B36-9829-0D22BD5E8205}.Release|Any CPU.Build.0 = Release|Any CPU
		{96A100AF-C5B2-472C-8CE3-69343D8990D6}.Debug|Any CPU.ActiveCfg = Debug|Any CPU
		{96A100AF-C5B2-472C-8CE3-69343D8990D6}.Debug|Any CPU.Build.0 = Debug|Any CPU
		{96A100AF-C5B2-472C-8CE3-69343D8990D6}.Release|Any CPU.ActiveCfg = Release|Any CPU
		{96A100AF-C5B2-472C-8CE3-69343D8990D6}.Release|Any CPU.Build.0 = Release|Any CPU
		{CF8E2A33-8D94-4019-9B16-E2BFAA6E3624}.Debug|Any CPU.ActiveCfg = Debug|Any CPU
		{CF8E2A33-8D94-4019-9B16-E2BFAA6E3624}.Debug|Any CPU.Build.0 = Debug|Any CPU
		{CF8E2A33-8D94-4019-9B16-E2BFAA6E3624}.Release|Any CPU.ActiveCfg = Release|Any CPU
		{CF8E2A33-8D94-4019-9B16-E2BFAA6E3624}.Release|Any CPU.Build.0 = Release|Any CPU
		{F322AA9B-D32D-461D-BB18-9C97616F734B}.Debug|Any CPU.ActiveCfg = Debug|Any CPU
		{F322AA9B-D32D-461D-BB18-9C97616F734B}.Debug|Any CPU.Build.0 = Debug|Any CPU
		{F322AA9B-D32D-461D-BB18-9C97616F734B}.Release|Any CPU.ActiveCfg = Release|Any CPU
		{F322AA9B-D32D-461D-BB18-9C97616F734B}.Release|Any CPU.Build.0 = Release|Any CPU
		{F02CF688-1D8A-4099-A9D7-C14E2C8CF652}.Debug|Any CPU.ActiveCfg = Debug|Any CPU
		{F02CF688-1D8A-4099-A9D7-C14E2C8CF652}.Debug|Any CPU.Build.0 = Debug|Any CPU
		{F02CF688-1D8A-4099-A9D7-C14E2C8CF652}.Release|Any CPU.ActiveCfg = Release|Any CPU
		{F02CF688-1D8A-4099-A9D7-C14E2C8CF652}.Release|Any CPU.Build.0 = Release|Any CPU
		{6E1F42BA-8881-4F33-896F-092CA49B5E8E}.Debug|Any CPU.ActiveCfg = Debug|Any CPU
		{6E1F42BA-8881-4F33-896F-092CA49B5E8E}.Debug|Any CPU.Build.0 = Debug|Any CPU
		{6E1F42BA-8881-4F33-896F-092CA49B5E8E}.Release|Any CPU.ActiveCfg = Release|Any CPU
		{6E1F42BA-8881-4F33-896F-092CA49B5E8E}.Release|Any CPU.Build.0 = Release|Any CPU
		{754AFFD1-0597-49C6-A651-D0B6BAE6BF86}.Debug|Any CPU.ActiveCfg = Debug|Any CPU
		{754AFFD1-0597-49C6-A651-D0B6BAE6BF86}.Debug|Any CPU.Build.0 = Debug|Any CPU
		{754AFFD1-0597-49C6-A651-D0B6BAE6BF86}.Release|Any CPU.ActiveCfg = Release|Any CPU
		{754AFFD1-0597-49C6-A651-D0B6BAE6BF86}.Release|Any CPU.Build.0 = Release|Any CPU
		{D73ABB2B-F5F0-4FDC-BFF0-0A1F04DEC220}.Debug|Any CPU.ActiveCfg = Debug|Any CPU
		{D73ABB2B-F5F0-4FDC-BFF0-0A1F04DEC220}.Debug|Any CPU.Build.0 = Debug|Any CPU
		{D73ABB2B-F5F0-4FDC-BFF0-0A1F04DEC220}.Release|Any CPU.ActiveCfg = Release|Any CPU
		{D73ABB2B-F5F0-4FDC-BFF0-0A1F04DEC220}.Release|Any CPU.Build.0 = Release|Any CPU
		{475CFA60-752F-44A6-9FA6-89987EEB6EC9}.Debug|Any CPU.ActiveCfg = Debug|Any CPU
		{475CFA60-752F-44A6-9FA6-89987EEB6EC9}.Debug|Any CPU.Build.0 = Debug|Any CPU
		{475CFA60-752F-44A6-9FA6-89987EEB6EC9}.Release|Any CPU.ActiveCfg = Release|Any CPU
		{475CFA60-752F-44A6-9FA6-89987EEB6EC9}.Release|Any CPU.Build.0 = Release|Any CPU
		{1CA62F74-44EC-4B71-B9FE-30E1A0563686}.Debug|Any CPU.ActiveCfg = Debug|Any CPU
		{1CA62F74-44EC-4B71-B9FE-30E1A0563686}.Debug|Any CPU.Build.0 = Debug|Any CPU
		{1CA62F74-44EC-4B71-B9FE-30E1A0563686}.Release|Any CPU.ActiveCfg = Release|Any CPU
		{1CA62F74-44EC-4B71-B9FE-30E1A0563686}.Release|Any CPU.Build.0 = Release|Any CPU
		{BF58B446-84AD-455B-A086-B2093B5BD404}.Debug|Any CPU.ActiveCfg = Debug|Any CPU
		{BF58B446-84AD-455B-A086-B2093B5BD404}.Debug|Any CPU.Build.0 = Debug|Any CPU
		{BF58B446-84AD-455B-A086-B2093B5BD404}.Release|Any CPU.ActiveCfg = Release|Any CPU
		{BF58B446-84AD-455B-A086-B2093B5BD404}.Release|Any CPU.Build.0 = Release|Any CPU
		{87950E10-2F01-4535-AD4F-B36137E84D93}.Debug|Any CPU.ActiveCfg = Debug|Any CPU
		{87950E10-2F01-4535-AD4F-B36137E84D93}.Debug|Any CPU.Build.0 = Debug|Any CPU
		{87950E10-2F01-4535-AD4F-B36137E84D93}.Release|Any CPU.ActiveCfg = Release|Any CPU
		{87950E10-2F01-4535-AD4F-B36137E84D93}.Release|Any CPU.Build.0 = Release|Any CPU
		{0A5F5EC2-AA85-479A-99BD-79008225CF1B}.Debug|Any CPU.ActiveCfg = Debug|Any CPU
		{0A5F5EC2-AA85-479A-99BD-79008225CF1B}.Debug|Any CPU.Build.0 = Debug|Any CPU
		{0A5F5EC2-AA85-479A-99BD-79008225CF1B}.Release|Any CPU.ActiveCfg = Release|Any CPU
		{0A5F5EC2-AA85-479A-99BD-79008225CF1B}.Release|Any CPU.Build.0 = Release|Any CPU
		{BF2DA6CE-5671-4121-A5B4-170FCB0F5F5A}.Debug|Any CPU.ActiveCfg = Debug|Any CPU
		{BF2DA6CE-5671-4121-A5B4-170FCB0F5F5A}.Debug|Any CPU.Build.0 = Debug|Any CPU
		{BF2DA6CE-5671-4121-A5B4-170FCB0F5F5A}.Release|Any CPU.ActiveCfg = Release|Any CPU
		{BF2DA6CE-5671-4121-A5B4-170FCB0F5F5A}.Release|Any CPU.Build.0 = Release|Any CPU
		{B77299F2-CBC6-43DC-BD7F-EB908B2896DE}.Debug|Any CPU.ActiveCfg = Debug|Any CPU
		{B77299F2-CBC6-43DC-BD7F-EB908B2896DE}.Debug|Any CPU.Build.0 = Debug|Any CPU
		{B77299F2-CBC6-43DC-BD7F-EB908B2896DE}.Release|Any CPU.ActiveCfg = Release|Any CPU
		{B77299F2-CBC6-43DC-BD7F-EB908B2896DE}.Release|Any CPU.Build.0 = Release|Any CPU
		{CB4F3B8B-1D7B-4C6B-9051-F38C64DD53EB}.Debug|Any CPU.ActiveCfg = Debug|Any CPU
		{CB4F3B8B-1D7B-4C6B-9051-F38C64DD53EB}.Debug|Any CPU.Build.0 = Debug|Any CPU
		{CB4F3B8B-1D7B-4C6B-9051-F38C64DD53EB}.Release|Any CPU.ActiveCfg = Release|Any CPU
		{CB4F3B8B-1D7B-4C6B-9051-F38C64DD53EB}.Release|Any CPU.Build.0 = Release|Any CPU
		{B7C1416A-18B2-469D-9365-505A3A16BE32}.Debug|Any CPU.ActiveCfg = Debug|Any CPU
		{B7C1416A-18B2-469D-9365-505A3A16BE32}.Debug|Any CPU.Build.0 = Debug|Any CPU
		{B7C1416A-18B2-469D-9365-505A3A16BE32}.Release|Any CPU.ActiveCfg = Release|Any CPU
		{B7C1416A-18B2-469D-9365-505A3A16BE32}.Release|Any CPU.Build.0 = Release|Any CPU
		{9704DF16-E613-49BD-A679-20B4E38B808D}.Debug|Any CPU.ActiveCfg = Debug|Any CPU
		{9704DF16-E613-49BD-A679-20B4E38B808D}.Debug|Any CPU.Build.0 = Debug|Any CPU
		{9704DF16-E613-49BD-A679-20B4E38B808D}.Release|Any CPU.ActiveCfg = Release|Any CPU
		{9704DF16-E613-49BD-A679-20B4E38B808D}.Release|Any CPU.Build.0 = Release|Any CPU
		{94262D60-6A35-4373-AFF1-720E78EE076C}.Debug|Any CPU.ActiveCfg = Debug|Any CPU
		{94262D60-6A35-4373-AFF1-720E78EE076C}.Debug|Any CPU.Build.0 = Debug|Any CPU
		{94262D60-6A35-4373-AFF1-720E78EE076C}.Release|Any CPU.ActiveCfg = Release|Any CPU
		{94262D60-6A35-4373-AFF1-720E78EE076C}.Release|Any CPU.Build.0 = Release|Any CPU
		{87D8623E-9584-43D1-BC01-2988E5149C8D}.Debug|Any CPU.ActiveCfg = Debug|Any CPU
		{87D8623E-9584-43D1-BC01-2988E5149C8D}.Debug|Any CPU.Build.0 = Debug|Any CPU
		{87D8623E-9584-43D1-BC01-2988E5149C8D}.Release|Any CPU.ActiveCfg = Release|Any CPU
		{87D8623E-9584-43D1-BC01-2988E5149C8D}.Release|Any CPU.Build.0 = Release|Any CPU
		{C254BBC0-B828-4D16-852D-EAC04B904046}.Debug|Any CPU.ActiveCfg = Debug|Any CPU
		{C254BBC0-B828-4D16-852D-EAC04B904046}.Debug|Any CPU.Build.0 = Debug|Any CPU
		{C254BBC0-B828-4D16-852D-EAC04B904046}.Release|Any CPU.ActiveCfg = Release|Any CPU
		{C254BBC0-B828-4D16-852D-EAC04B904046}.Release|Any CPU.Build.0 = Release|Any CPU
		{DE1B420A-E7F3-446D-9FB6-77FA89AC17B6}.Debug|Any CPU.ActiveCfg = Debug|Any CPU
		{DE1B420A-E7F3-446D-9FB6-77FA89AC17B6}.Debug|Any CPU.Build.0 = Debug|Any CPU
		{DE1B420A-E7F3-446D-9FB6-77FA89AC17B6}.Release|Any CPU.ActiveCfg = Release|Any CPU
		{DE1B420A-E7F3-446D-9FB6-77FA89AC17B6}.Release|Any CPU.Build.0 = Release|Any CPU
		{2ADC834E-E648-44D0-B5C0-3B2E02BB42CA}.Debug|Any CPU.ActiveCfg = Debug|Any CPU
		{2ADC834E-E648-44D0-B5C0-3B2E02BB42CA}.Debug|Any CPU.Build.0 = Debug|Any CPU
		{2ADC834E-E648-44D0-B5C0-3B2E02BB42CA}.Release|Any CPU.ActiveCfg = Release|Any CPU
		{2ADC834E-E648-44D0-B5C0-3B2E02BB42CA}.Release|Any CPU.Build.0 = Release|Any CPU
		{C5D44518-DD28-4F89-BD09-E60E0A1259EF}.Debug|Any CPU.ActiveCfg = Debug|Any CPU
		{C5D44518-DD28-4F89-BD09-E60E0A1259EF}.Debug|Any CPU.Build.0 = Debug|Any CPU
		{C5D44518-DD28-4F89-BD09-E60E0A1259EF}.Release|Any CPU.ActiveCfg = Release|Any CPU
		{C5D44518-DD28-4F89-BD09-E60E0A1259EF}.Release|Any CPU.Build.0 = Release|Any CPU
		{FE230712-9BEA-4859-88BD-7A098DB0AFEF}.Debug|Any CPU.ActiveCfg = Debug|Any CPU
		{FE230712-9BEA-4859-88BD-7A098DB0AFEF}.Debug|Any CPU.Build.0 = Debug|Any CPU
		{FE230712-9BEA-4859-88BD-7A098DB0AFEF}.Release|Any CPU.ActiveCfg = Release|Any CPU
		{FE230712-9BEA-4859-88BD-7A098DB0AFEF}.Release|Any CPU.Build.0 = Release|Any CPU
	EndGlobalSection
	GlobalSection(SolutionProperties) = preSolution
		HideSolutionNode = FALSE
	EndGlobalSection
	GlobalSection(NestedProjects) = preSolution
		{C26D86D6-4B4E-407E-9F1D-9CA1765768CE} = {7EED59CF-550E-4571-A1C0-4719F456AD8A}
		{F03915B4-D898-4A10-A6C9-E35DC1E527F8} = {7EED59CF-550E-4571-A1C0-4719F456AD8A}
		{646C9D67-D0EC-477E-B772-247D956DB601} = {7EED59CF-550E-4571-A1C0-4719F456AD8A}
		{F15A7B1F-DE42-4D74-9531-66D398D175D3} = {7EED59CF-550E-4571-A1C0-4719F456AD8A}
		{0C42571F-C996-4C9C-BF66-979681BF395A} = {7C2D39ED-FF02-492B-84E0-958A4291B51C}
		{C296FB1B-7FC9-4936-AD17-65005D025126} = {7C2D39ED-FF02-492B-84E0-958A4291B51C}
		{2BF98B43-B1F7-4236-A418-425E9AFFB327} = {9D20D5E6-879B-463C-964A-3DA13FFAE9E3}
		{973E7E37-27FD-404E-BBD2-D632470C67C9} = {7FB8FAE5-9EFC-42D3-AA14-F9E1A9B7AB26}
		{4C025D69-3B12-4AB9-8095-73970017E834} = {7FB8FAE5-9EFC-42D3-AA14-F9E1A9B7AB26}
		{40C64D52-CDFF-45DA-BC80-A5775C0EBBC0} = {D7A979ED-443A-47D3-B34C-5D243D4F39D4}
		{46CD103A-5E5C-43D2-9ECF-7D012B720A08} = {D7A979ED-443A-47D3-B34C-5D243D4F39D4}
		{3BF37E15-B706-409C-96F7-AF2D033F509E} = {6CEA291F-82A1-49D0-B559-3E16E1A0E763}
		{5502A4D7-EB68-4389-8696-10500E9347CB} = {6CEA291F-82A1-49D0-B559-3E16E1A0E763}
		{8B50F062-61B9-483B-9212-9A01F6F12EF8} = {7C2D39ED-FF02-492B-84E0-958A4291B51C}
		{C0530FF7-9157-4FDA-AC0A-A60AD74E8C71} = {ECAFEA96-62F0-4A72-8239-1E971ABAC309}
		{99BDB862-09BC-42A3-8643-4874F3EED50F} = {ECAFEA96-62F0-4A72-8239-1E971ABAC309}
		{717BA7DD-96E6-4661-A385-BF2923112C6E} = {1CD41CBB-76E2-42CE-9C17-040527E90C6A}
		{89B7172F-DED2-4188-B8C3-55DC505906F0} = {1CD41CBB-76E2-42CE-9C17-040527E90C6A}
		{33B2A6FA-15BB-4071-A3D1-2644F0A35AAA} = {383E27FE-2B5F-48A9-BE6A-F9973E6D8B1A}
		{BA993356-DADC-412B-A24F-8AEACDC5FA53} = {383E27FE-2B5F-48A9-BE6A-F9973E6D8B1A}
		{A3C4F552-BD1E-40C6-81C9-99F61B8916EA} = {D7A979ED-443A-47D3-B34C-5D243D4F39D4}
		{994F5DCC-4701-4897-91A9-2F3634F3EAEB} = {10D7A0CF-E53B-4355-8942-B5D224EB7B98}
		{B393DA26-6011-4F3B-917D-13FEA381A77A} = {10D7A0CF-E53B-4355-8942-B5D224EB7B98}
		{6682B960-338C-4E54-8E5A-61BE7ABFCED5} = {383E27FE-2B5F-48A9-BE6A-F9973E6D8B1A}
		{AC302302-E3A7-4FAA-AA41-7F7CC2077B57} = {37D27DDC-1EB6-4003-AACE-80340B5BC63A}
		{FF587B44-9646-43F7-9C92-57D26400C91B} = {37D27DDC-1EB6-4003-AACE-80340B5BC63A}
		{8231E1DE-1906-4EFD-A022-B93E6066F833} = {A4B29686-4663-40D8-8521-3472956C9BDB}
		{9C0A9184-AB79-4958-8E6C-B6D8617F1013} = {A4B29686-4663-40D8-8521-3472956C9BDB}
		{E21D6041-95C4-4CF8-AA7F-1CCB250A09F8} = {084E5C3F-9E52-40A3-9094-C406A2306BAB}
		{DFCE57F8-CA4D-4F85-A14D-F15173B8CC42} = {ABDB88B8-683A-466C-A2DB-AFD516359619}
		{4C8804C0-9406-443D-A5CD-10604DD265D2} = {49CEF064-6C6A-40E0-9EC6-05D62D127DFD}
		{C294AB84-A15A-4AA9-AE67-90A75F55CF30} = {49CEF064-6C6A-40E0-9EC6-05D62D127DFD}
		{3BC55F8B-971B-4611-B012-CDABA944BE96} = {89052ADF-DFC9-4281-A1A1-E83434F434BC}
		{F9E4EBB0-2D50-459A-B2DF-48068FBF7DDF} = {89052ADF-DFC9-4281-A1A1-E83434F434BC}
		{6CFED18C-1869-4076-B0A0-91FDBC192746} = {F9E4EBB0-2D50-459A-B2DF-48068FBF7DDF}
		{10401268-943D-4A62-9FDB-E1F944EBB40D} = {F9E4EBB0-2D50-459A-B2DF-48068FBF7DDF}
		{39B164DD-4B67-4527-94FE-EB2E0C9B36B6} = {9D20D5E6-879B-463C-964A-3DA13FFAE9E3}
		{E1D8712E-7A70-41DE-98B3-447A735E8BAE} = {39B164DD-4B67-4527-94FE-EB2E0C9B36B6}
		{12FFC597-94AE-43E2-AF6E-CC0578E0F0D6} = {39B164DD-4B67-4527-94FE-EB2E0C9B36B6}
		{F32D16F1-3419-4401-9036-94B60C2C14BE} = {084E5C3F-9E52-40A3-9094-C406A2306BAB}
		{271306A6-4903-4EB2-AE7B-86B0826BD81E} = {6B7D8653-4ADC-45AD-8289-C933FCDA34B2}
		{37B59B4E-88FD-4FAE-BBFC-290E2E249216} = {6B7D8653-4ADC-45AD-8289-C933FCDA34B2}
		{C5C4D631-1DA0-40D1-9B62-D4D5D41E8859} = {ABDB88B8-683A-466C-A2DB-AFD516359619}
		{A80B6DAF-AA55-465E-9D99-6BFF7270DF36} = {F32D16F1-3419-4401-9036-94B60C2C14BE}
		{02E6D09F-C053-4A66-8229-518DA83F05D4} = {F32D16F1-3419-4401-9036-94B60C2C14BE}
		{95F3FF01-5D91-4375-ABB4-0C3B24611EC1} = {F9E4EBB0-2D50-459A-B2DF-48068FBF7DDF}
		{6A0C2755-36BB-45F8-B920-6E2EC8C0B112} = {39B164DD-4B67-4527-94FE-EB2E0C9B36B6}
		{4D626185-D5F9-43C0-B0D3-8AADAFAC3B9F} = {9D20D5E6-879B-463C-964A-3DA13FFAE9E3}
		{66C6499D-1F34-46B9-9419-31D9FE3C392A} = {9D20D5E6-879B-463C-964A-3DA13FFAE9E3}
		{A260283F-253B-4C44-9D90-455BF8087C40} = {FB2F585C-6B7A-4D40-9FE0-08E0F9A30386}
		{96E771C5-8E6B-4B0A-9AD1-C52EA4C062DD} = {FB2F585C-6B7A-4D40-9FE0-08E0F9A30386}
		{83F84C5F-228C-461B-9177-F48AC1A15DE4} = {9D20D5E6-879B-463C-964A-3DA13FFAE9E3}
		{92B8B97D-9FC0-486D-9206-648776CDDC84} = {D7A979ED-443A-47D3-B34C-5D243D4F39D4}
		{ECE1DF09-B6AA-4F3B-8BDD-0BA773D9FC41} = {ECAFEA96-62F0-4A72-8239-1E971ABAC309}
		{6F4DE3E4-2B27-46DA-92CA-65D6198E2563} = {A3C4F552-BD1E-40C6-81C9-99F61B8916EA}
		{7192799B-615B-4DF5-8C1F-C7D6E7CD5132} = {A3C4F552-BD1E-40C6-81C9-99F61B8916EA}
		{AFA5E42E-96E0-4997-97C0-DBC3DCE4D734} = {8B50F062-61B9-483B-9212-9A01F6F12EF8}
		{235AB3F5-3496-4CCC-A8BD-14022346ABCC} = {8B50F062-61B9-483B-9212-9A01F6F12EF8}
		{7DCB316F-9E32-495F-BC5C-956886739234} = {C26D86D6-4B4E-407E-9F1D-9CA1765768CE}
		{75246C6F-704B-4234-8F58-00D8CBE4455D} = {6682B960-338C-4E54-8E5A-61BE7ABFCED5}
		{04C1AF6E-C899-403F-8F69-B507883824EF} = {383E27FE-2B5F-48A9-BE6A-F9973E6D8B1A}
		{47A46DE7-D743-4C22-9977-144FAB77DC24} = {7C2D39ED-FF02-492B-84E0-958A4291B51C}
		{C5C0B9F1-C2FC-4428-AE27-0188EC5EE131} = {6CEA291F-82A1-49D0-B559-3E16E1A0E763}
		{97419D9B-D4E5-48B3-9E18-258E8F8F2F3B} = {A4B29686-4663-40D8-8521-3472956C9BDB}
		{52ACE4EB-C551-4189-B92F-F7B92C333B34} = {9D20D5E6-879B-463C-964A-3DA13FFAE9E3}
		{9FD10445-6D7E-4D09-B123-F8E39A35709D} = {89052ADF-DFC9-4281-A1A1-E83434F434BC}
		{5CDA521B-A2B6-4E96-B8D6-CFD1FAF2FC11} = {89052ADF-DFC9-4281-A1A1-E83434F434BC}
		{2CEADA4F-C9A2-4C1D-8CF4-816291BABCAA} = {89052ADF-DFC9-4281-A1A1-E83434F434BC}
		{677CDEB8-D55A-47AA-9622-C151B71B3298} = {89052ADF-DFC9-4281-A1A1-E83434F434BC}
		{EE1EF4E3-ADB8-460F-9793-2E87E6DAA2E6} = {ABDB88B8-683A-466C-A2DB-AFD516359619}
		{19A26CED-9F29-4897-990C-79C23011BDD5} = {EE1EF4E3-ADB8-460F-9793-2E87E6DAA2E6}
		{80FFA07F-975B-4F2E-BE7C-79676344055E} = {EE1EF4E3-ADB8-460F-9793-2E87E6DAA2E6}
		{4017F4ED-E775-4AA7-831A-8467EFBC542E} = {DFCE57F8-CA4D-4F85-A14D-F15173B8CC42}
		{6701A779-DA42-4B26-A920-631E8855855D} = {DFCE57F8-CA4D-4F85-A14D-F15173B8CC42}
		{261C090A-5DAB-4A84-A35F-59D04ECE7357} = {7C2D39ED-FF02-492B-84E0-958A4291B51C}
		{77FDD6D6-9FF8-4B04-B936-C8CC81174649} = {3220F767-41DB-4C06-9952-619F50EB0567}
		{5925CD69-175B-479F-93E8-FEB244928F95} = {3220F767-41DB-4C06-9952-619F50EB0567}
		{460147BC-7960-4E70-8B1E-D602675D16F3} = {3220F767-41DB-4C06-9952-619F50EB0567}
		{D8DD2FA3-55C6-4699-933B-77DE41C0EB82} = {ACC97055-6427-45CF-90F5-4804E7CBB7BE}
		{28A0F142-5E23-49FD-8544-94556F9CDC95} = {ACC97055-6427-45CF-90F5-4804E7CBB7BE}
		{9A65939A-42CF-4B60-8046-77F7DCC74AEF} = {ACC97055-6427-45CF-90F5-4804E7CBB7BE}
		{0A955A2D-4CF8-4C89-96FE-BBD4DE0CAD04} = {E21D6041-95C4-4CF8-AA7F-1CCB250A09F8}
		{D16DCB05-B5E7-4B24-BDE8-5CCDBE9A61C0} = {E21D6041-95C4-4CF8-AA7F-1CCB250A09F8}
		{8C718B7D-A4B6-4D49-8EB1-9B8AFBCAD11A} = {C5C4D631-1DA0-40D1-9B62-D4D5D41E8859}
		{75AD9673-5AE2-45B1-B384-73C1BFD005DC} = {C5C4D631-1DA0-40D1-9B62-D4D5D41E8859}
		{B0CE07ED-E379-4C77-800C-BA278201B635} = {C5C4D631-1DA0-40D1-9B62-D4D5D41E8859}
		{B550C798-01DE-4BD9-ACD4-B6698DE68E71} = {37D27DDC-1EB6-4003-AACE-80340B5BC63A}
		{C49B819D-2F40-4427-A152-5E1C1323AEBC} = {B67C6017-6D9F-457A-807A-69381475D2EF}
		{93BD0D45-3A9F-4171-A265-C47F03E27FE2} = {B67C6017-6D9F-457A-807A-69381475D2EF}
		{D9B8E83E-84F4-47D3-95AD-A7D369095BB7} = {B67C6017-6D9F-457A-807A-69381475D2EF}
		{3E52A670-7D9C-402F-97E2-C76A4284078D} = {B67C6017-6D9F-457A-807A-69381475D2EF}
		{ECD6586E-059A-4318-9A8A-A440D2972FA4} = {B67C6017-6D9F-457A-807A-69381475D2EF}
		{4F88F51A-EDD7-4ABE-B033-1768AC7A7670} = {A0AD7904-0E47-4652-8BF9-C0EE13C8B7E1}
		{B06BB37F-9F89-4B36-9829-0D22BD5E8205} = {A0AD7904-0E47-4652-8BF9-C0EE13C8B7E1}
		{96A100AF-C5B2-472C-8CE3-69343D8990D6} = {A0AD7904-0E47-4652-8BF9-C0EE13C8B7E1}
		{CF8E2A33-8D94-4019-9B16-E2BFAA6E3624} = {B67C6017-6D9F-457A-807A-69381475D2EF}
		{F322AA9B-D32D-461D-BB18-9C97616F734B} = {93BD0D45-3A9F-4171-A265-C47F03E27FE2}
		{F02CF688-1D8A-4099-A9D7-C14E2C8CF652} = {93BD0D45-3A9F-4171-A265-C47F03E27FE2}
		{6E1F42BA-8881-4F33-896F-092CA49B5E8E} = {93BD0D45-3A9F-4171-A265-C47F03E27FE2}
		{754AFFD1-0597-49C6-A651-D0B6BAE6BF86} = {155178B3-7B1C-49EE-886C-BDBAA8277375}
		{D73ABB2B-F5F0-4FDC-BFF0-0A1F04DEC220} = {155178B3-7B1C-49EE-886C-BDBAA8277375}
		{475CFA60-752F-44A6-9FA6-89987EEB6EC9} = {155178B3-7B1C-49EE-886C-BDBAA8277375}
		{718791D4-3866-4A7E-8242-32D6EC763738} = {B67C6017-6D9F-457A-807A-69381475D2EF}
		{1CA62F74-44EC-4B71-B9FE-30E1A0563686} = {718791D4-3866-4A7E-8242-32D6EC763738}
		{BF58B446-84AD-455B-A086-B2093B5BD404} = {CEB6F6F6-7AE2-43A0-B9DE-B8A8D9154405}
		{87950E10-2F01-4535-AD4F-B36137E84D93} = {CEB6F6F6-7AE2-43A0-B9DE-B8A8D9154405}
		{0A5F5EC2-AA85-479A-99BD-79008225CF1B} = {CEB6F6F6-7AE2-43A0-B9DE-B8A8D9154405}
		{BF2DA6CE-5671-4121-A5B4-170FCB0F5F5A} = {CEB6F6F6-7AE2-43A0-B9DE-B8A8D9154405}
		{FBF6F35E-B9C3-4AA8-AE85-377F9254FB11} = {CEB6F6F6-7AE2-43A0-B9DE-B8A8D9154405}
		{B77299F2-CBC6-43DC-BD7F-EB908B2896DE} = {FBF6F35E-B9C3-4AA8-AE85-377F9254FB11}
		{CB4F3B8B-1D7B-4C6B-9051-F38C64DD53EB} = {CEB6F6F6-7AE2-43A0-B9DE-B8A8D9154405}
		{8C6C7F6B-6CAD-4434-B6F7-3DAE90266B68} = {C4E60FE9-2D5B-4510-854C-44C88209A236}
		{B7C1416A-18B2-469D-9365-505A3A16BE32} = {B67C6017-6D9F-457A-807A-69381475D2EF}
		{9704DF16-E613-49BD-A679-20B4E38B808D} = {700EC70E-E161-4461-B84F-1FCF166D0486}
		{94262D60-6A35-4373-AFF1-720E78EE076C} = {700EC70E-E161-4461-B84F-1FCF166D0486}
		{87D8623E-9584-43D1-BC01-2988E5149C8D} = {047F1FC1-32F6-4C73-BB4F-75A6E4BF6D56}
		{C254BBC0-B828-4D16-852D-EAC04B904046} = {047F1FC1-32F6-4C73-BB4F-75A6E4BF6D56}
		{0A7F10BF-EA60-4A19-9F07-3D9CE40F5952} = {ABDB88B8-683A-466C-A2DB-AFD516359619}
		{DE1B420A-E7F3-446D-9FB6-77FA89AC17B6} = {0A7F10BF-EA60-4A19-9F07-3D9CE40F5952}
		{2ADC834E-E648-44D0-B5C0-3B2E02BB42CA} = {0A7F10BF-EA60-4A19-9F07-3D9CE40F5952}
		{C5D44518-DD28-4F89-BD09-E60E0A1259EF} = {D1B7B359-752F-4F18-8AF7-99FAC4D681A1}
		{FE230712-9BEA-4859-88BD-7A098DB0AFEF} = {D1B7B359-752F-4F18-8AF7-99FAC4D681A1}
	EndGlobalSection
	GlobalSection(ExtensibilityGlobals) = postSolution
		SolutionGuid = {1BA0A192-D7BE-40A1-96AE-B3C8C6BC9B69}
	EndGlobalSection
EndGlobal
