
Microsoft Visual Studio Solution File, Format Version 12.00
# Visual Studio Version 16
VisualStudioVersion = 16.0.28516.95
MinimumVisualStudioVersion = 10.0.40219.1
Project("{2150E333-8FDC-42A3-9474-1A3956D46DE8}") = "Assets", "Assets", "{9AEBDADF-AE00-4A85-8CAC-EFE8B6FBCEAE}"
	ProjectSection(SolutionItems) = preProject
		.editorconfig = .editorconfig
		.gitignore = .gitignore
		appveyor.yml = appveyor.yml
		.github\FUNDING.yml = .github\FUNDING.yml
		md-styles.css = md-styles.css
		README.md = README.md
		Directory.Build.props = Directory.Build.props
		azure-pipelines.yml = azure-pipelines.yml
	EndProjectSection
EndProject
Project("{2150E333-8FDC-42A3-9474-1A3956D46DE8}") = "sample", "sample", "{C26D86D6-4B4E-407E-9F1D-9CA1765768CE}"
EndProject
Project("{2150E333-8FDC-42A3-9474-1A3956D46DE8}") = "Detection", "Detection", "{7EED59CF-550E-4571-A1C0-4719F456AD8A}"
EndProject
Project("{FAE04EC0-301F-11D3-BF4B-00C04F79EFBC}") = "Wangkanai.Detection", "Detection\src\Wangkanai.Detection.csproj", "{F03915B4-D898-4A10-A6C9-E35DC1E527F8}"
EndProject
Project("{FAE04EC0-301F-11D3-BF4B-00C04F79EFBC}") = "Wangkanai.Detection.Test", "Detection\test\Wangkanai.Detection.Test.csproj", "{646C9D67-D0EC-477E-B772-247D956DB601}"
EndProject
Project("{FAE04EC0-301F-11D3-BF4B-00C04F79EFBC}") = "Wangkanai.Detection.Benchmark", "Detection\benchmark\Wangkanai.Detection.Benchmark.csproj", "{F15A7B1F-DE42-4D74-9531-66D398D175D3}"
EndProject
Project("{FAE04EC0-301F-11D3-BF4B-00C04F79EFBC}") = "Backend", "Detection\sample\Backend\Backend.csproj", "{5F9A1770-6E40-46CD-8748-9CF54334E908}"
EndProject
Project("{FAE04EC0-301F-11D3-BF4B-00C04F79EFBC}") = "Detection", "Detection\sample\Detection\Detection.csproj", "{1967E3C8-AEDD-4FD2-9E0C-CE82CB9415DD}"
EndProject
Project("{FAE04EC0-301F-11D3-BF4B-00C04F79EFBC}") = "ResponsivePage", "Detection\sample\ResponsivePage\ResponsivePage.csproj", "{ADC692A7-2D5C-4879-B5DF-92B5577BB31F}"
EndProject
Project("{FAE04EC0-301F-11D3-BF4B-00C04F79EFBC}") = "ResponsiveView", "Detection\sample\ResponsiveView\ResponsiveView.csproj", "{04085D4A-6E6D-4C0E-BEA0-8CCDB107A199}"
EndProject
Project("{2150E333-8FDC-42A3-9474-1A3956D46DE8}") = "Responsive", "Responsive", "{7C2D39ED-FF02-492B-84E0-958A4291B51C}"
EndProject
Project("{2150E333-8FDC-42A3-9474-1A3956D46DE8}") = "Validation", "Validation", "{7FB8FAE5-9EFC-42D3-AA14-F9E1A9B7AB26}"
EndProject
Project("{2150E333-8FDC-42A3-9474-1A3956D46DE8}") = "Runtime", "Runtime", "{3220F767-41DB-4C06-9952-619F50EB0567}"
	ProjectSection(SolutionItems) = preProject
		Runtime\Directory.Build.props = Runtime\Directory.Build.props
		Runtime\README.md = Runtime\README.md
	EndProjectSection
EndProject
Project("{FAE04EC0-301F-11D3-BF4B-00C04F79EFBC}") = "Wangkanai.Runtime", "Runtime\src\Wangkanai.Runtime.csproj", "{C31889F1-EC63-4F97-95CD-DB3F25DC3518}"
EndProject
Project("{FAE04EC0-301F-11D3-BF4B-00C04F79EFBC}") = "Wangkanai.Runtime.Test", "Runtime\test\Wangkanai.Runtime.Test.csproj", "{0984F97E-7902-4263-AB0A-AD515C8958C7}"
EndProject
Project("{FAE04EC0-301F-11D3-BF4B-00C04F79EFBC}") = "Wangkanai.Responsive", "Responsive\src\Wangkanai.Responsive.csproj", "{0C42571F-C996-4C9C-BF66-979681BF395A}"
EndProject
Project("{FAE04EC0-301F-11D3-BF4B-00C04F79EFBC}") = "Wangkanai.Responsive.Test", "Responsive\test\Wangkanai.Responsive.Test.csproj", "{C296FB1B-7FC9-4936-AD17-65005D025126}"
EndProject
Project("{2150E333-8FDC-42A3-9474-1A3956D46DE8}") = "Designs", "Designs", "{99671684-EFF2-4680-AB99-98A5DCB5A85C}"
	ProjectSection(SolutionItems) = preProject
		asset\wangkanai-banner.svg = asset\wangkanai-banner.svg
		asset\wangkanai-logo.svg = asset\wangkanai-logo.svg
		asset\wangkanai-social.svg = asset\wangkanai-social.svg
	EndProjectSection
EndProject
Global
	GlobalSection(SolutionConfigurationPlatforms) = preSolution
		Debug|Any CPU = Debug|Any CPU
		Release|Any CPU = Release|Any CPU
	EndGlobalSection
	GlobalSection(ProjectConfigurationPlatforms) = postSolution
		{F03915B4-D898-4A10-A6C9-E35DC1E527F8}.Debug|Any CPU.ActiveCfg = Debug|Any CPU
		{F03915B4-D898-4A10-A6C9-E35DC1E527F8}.Debug|Any CPU.Build.0 = Debug|Any CPU
		{F03915B4-D898-4A10-A6C9-E35DC1E527F8}.Release|Any CPU.ActiveCfg = Release|Any CPU
		{F03915B4-D898-4A10-A6C9-E35DC1E527F8}.Release|Any CPU.Build.0 = Release|Any CPU
		{646C9D67-D0EC-477E-B772-247D956DB601}.Debug|Any CPU.ActiveCfg = Debug|Any CPU
		{646C9D67-D0EC-477E-B772-247D956DB601}.Debug|Any CPU.Build.0 = Debug|Any CPU
		{646C9D67-D0EC-477E-B772-247D956DB601}.Release|Any CPU.ActiveCfg = Release|Any CPU
		{646C9D67-D0EC-477E-B772-247D956DB601}.Release|Any CPU.Build.0 = Release|Any CPU
		{F15A7B1F-DE42-4D74-9531-66D398D175D3}.Debug|Any CPU.ActiveCfg = Debug|Any CPU
		{F15A7B1F-DE42-4D74-9531-66D398D175D3}.Debug|Any CPU.Build.0 = Debug|Any CPU
		{F15A7B1F-DE42-4D74-9531-66D398D175D3}.Release|Any CPU.ActiveCfg = Release|Any CPU
		{F15A7B1F-DE42-4D74-9531-66D398D175D3}.Release|Any CPU.Build.0 = Release|Any CPU
		{5F9A1770-6E40-46CD-8748-9CF54334E908}.Debug|Any CPU.ActiveCfg = Debug|Any CPU
		{5F9A1770-6E40-46CD-8748-9CF54334E908}.Release|Any CPU.ActiveCfg = Release|Any CPU
		{5F9A1770-6E40-46CD-8748-9CF54334E908}.Release|Any CPU.Build.0 = Release|Any CPU
		{1967E3C8-AEDD-4FD2-9E0C-CE82CB9415DD}.Debug|Any CPU.ActiveCfg = Debug|Any CPU
		{1967E3C8-AEDD-4FD2-9E0C-CE82CB9415DD}.Release|Any CPU.ActiveCfg = Release|Any CPU
		{1967E3C8-AEDD-4FD2-9E0C-CE82CB9415DD}.Release|Any CPU.Build.0 = Release|Any CPU
		{ADC692A7-2D5C-4879-B5DF-92B5577BB31F}.Debug|Any CPU.ActiveCfg = Debug|Any CPU
		{ADC692A7-2D5C-4879-B5DF-92B5577BB31F}.Release|Any CPU.ActiveCfg = Release|Any CPU
		{ADC692A7-2D5C-4879-B5DF-92B5577BB31F}.Release|Any CPU.Build.0 = Release|Any CPU
		{04085D4A-6E6D-4C0E-BEA0-8CCDB107A199}.Debug|Any CPU.ActiveCfg = Debug|Any CPU
		{04085D4A-6E6D-4C0E-BEA0-8CCDB107A199}.Release|Any CPU.ActiveCfg = Release|Any CPU
		{04085D4A-6E6D-4C0E-BEA0-8CCDB107A199}.Release|Any CPU.Build.0 = Release|Any CPU
		{C31889F1-EC63-4F97-95CD-DB3F25DC3518}.Debug|Any CPU.ActiveCfg = Debug|Any CPU
		{C31889F1-EC63-4F97-95CD-DB3F25DC3518}.Debug|Any CPU.Build.0 = Debug|Any CPU
		{C31889F1-EC63-4F97-95CD-DB3F25DC3518}.Release|Any CPU.ActiveCfg = Release|Any CPU
		{C31889F1-EC63-4F97-95CD-DB3F25DC3518}.Release|Any CPU.Build.0 = Release|Any CPU
		{0984F97E-7902-4263-AB0A-AD515C8958C7}.Debug|Any CPU.ActiveCfg = Debug|Any CPU
		{0984F97E-7902-4263-AB0A-AD515C8958C7}.Debug|Any CPU.Build.0 = Debug|Any CPU
		{0984F97E-7902-4263-AB0A-AD515C8958C7}.Release|Any CPU.ActiveCfg = Release|Any CPU
		{0984F97E-7902-4263-AB0A-AD515C8958C7}.Release|Any CPU.Build.0 = Release|Any CPU
		{0C42571F-C996-4C9C-BF66-979681BF395A}.Debug|Any CPU.ActiveCfg = Debug|Any CPU
		{0C42571F-C996-4C9C-BF66-979681BF395A}.Debug|Any CPU.Build.0 = Debug|Any CPU
		{0C42571F-C996-4C9C-BF66-979681BF395A}.Release|Any CPU.ActiveCfg = Release|Any CPU
		{0C42571F-C996-4C9C-BF66-979681BF395A}.Release|Any CPU.Build.0 = Release|Any CPU
		{C296FB1B-7FC9-4936-AD17-65005D025126}.Debug|Any CPU.ActiveCfg = Debug|Any CPU
		{C296FB1B-7FC9-4936-AD17-65005D025126}.Debug|Any CPU.Build.0 = Debug|Any CPU
		{C296FB1B-7FC9-4936-AD17-65005D025126}.Release|Any CPU.ActiveCfg = Release|Any CPU
		{C296FB1B-7FC9-4936-AD17-65005D025126}.Release|Any CPU.Build.0 = Release|Any CPU
	EndGlobalSection
	GlobalSection(SolutionProperties) = preSolution
		HideSolutionNode = FALSE
	EndGlobalSection
	GlobalSection(NestedProjects) = preSolution
		{F03915B4-D898-4A10-A6C9-E35DC1E527F8} = {7EED59CF-550E-4571-A1C0-4719F456AD8A}
		{646C9D67-D0EC-477E-B772-247D956DB601} = {7EED59CF-550E-4571-A1C0-4719F456AD8A}
		{F15A7B1F-DE42-4D74-9531-66D398D175D3} = {7EED59CF-550E-4571-A1C0-4719F456AD8A}
		{C26D86D6-4B4E-407E-9F1D-9CA1765768CE} = {7EED59CF-550E-4571-A1C0-4719F456AD8A}
		{5F9A1770-6E40-46CD-8748-9CF54334E908} = {C26D86D6-4B4E-407E-9F1D-9CA1765768CE}
		{1967E3C8-AEDD-4FD2-9E0C-CE82CB9415DD} = {C26D86D6-4B4E-407E-9F1D-9CA1765768CE}
		{ADC692A7-2D5C-4879-B5DF-92B5577BB31F} = {C26D86D6-4B4E-407E-9F1D-9CA1765768CE}
		{04085D4A-6E6D-4C0E-BEA0-8CCDB107A199} = {C26D86D6-4B4E-407E-9F1D-9CA1765768CE}
		{C31889F1-EC63-4F97-95CD-DB3F25DC3518} = {3220F767-41DB-4C06-9952-619F50EB0567}
		{0984F97E-7902-4263-AB0A-AD515C8958C7} = {3220F767-41DB-4C06-9952-619F50EB0567}
		{0C42571F-C996-4C9C-BF66-979681BF395A} = {7C2D39ED-FF02-492B-84E0-958A4291B51C}
		{C296FB1B-7FC9-4936-AD17-65005D025126} = {7C2D39ED-FF02-492B-84E0-958A4291B51C}
	EndGlobalSection
	GlobalSection(ExtensibilityGlobals) = postSolution
		SolutionGuid = {1BA0A192-D7BE-40A1-96AE-B3C8C6BC9B69}
	EndGlobalSection
EndGlobal
