Microsoft Visual Studio Solution File, Format Version 12.00
# Visual Studio Version 16
VisualStudioVersion = 16.0.0.0
MinimumVisualStudioVersion = 16.0.0.0
Project("{9A19103F-16F7-4668-BE54-9A1E7A4F7556}") = "Wangkanai.Blazor.Demo.Server", "Server\Wangkanai.Blazor.Demo.Server.csproj", "{F8967B7C-0E88-4348-84B8-D9FF2ED0F44A}"
EndProject
Project("{9A19103F-16F7-4668-BE54-9A1E7A4F7556}") = "Wangkanai.Blazor.Demo.Client", "Client\Wangkanai.Blazor.Demo.Client.csproj", "{C7F30D04-05E6-4ED1-92A3-A0BBDE6EDA85}"
EndProject
Project("{9A19103F-16F7-4668-BE54-9A1E7A4F7556}") = "Wangkanai.Blazor.Demo.Shared", "Shared\Wangkanai.Blazor.Demo.Shared.csproj", "{76A6EA0F-C858-41BF-A558-937FA3C46A05}"
EndProject
Global
	GlobalSection(SolutionConfigurationPlatforms) = preSolution
		Debug|Any CPU = Debug|Any CPU
		Debug|x64 = Debug|x64
		Debug|x86 = Debug|x86
		Release|Any CPU = Release|Any CPU
		Release|x64 = Release|x64
		Release|x86 = Release|x86
	EndGlobalSection
	GlobalSection(ProjectConfigurationPlatforms) = postSolution
		{C7F30D04-05E6-4ED1-92A3-A0BBDE6EDA85}.Debug|Any CPU.ActiveCfg = Debug|Any CPU
		{C7F30D04-05E6-4ED1-92A3-A0BBDE6EDA85}.Debug|Any CPU.Build.0 = Debug|Any CPU
		{C7F30D04-05E6-4ED1-92A3-A0BBDE6EDA85}.Debug|x64.ActiveCfg = Debug|Any CPU
		{C7F30D04-05E6-4ED1-92A3-A0BBDE6EDA85}.Debug|x64.Build.0 = Debug|Any CPU
		{C7F30D04-05E6-4ED1-92A3-A0BBDE6EDA85}.Debug|x86.ActiveCfg = Debug|Any CPU
		{C7F30D04-05E6-4ED1-92A3-A0BBDE6EDA85}.Debug|x86.Build.0 = Debug|Any CPU
		{C7F30D04-05E6-4ED1-92A3-A0BBDE6EDA85}.Release|Any CPU.ActiveCfg = Release|Any CPU
		{C7F30D04-05E6-4ED1-92A3-A0BBDE6EDA85}.Release|Any CPU.Build.0 = Release|Any CPU
		{C7F30D04-05E6-4ED1-92A3-A0BBDE6EDA85}.Release|x64.ActiveCfg = Release|Any CPU
		{C7F30D04-05E6-4ED1-92A3-A0BBDE6EDA85}.Release|x64.Build.0 = Release|Any CPU
		{C7F30D04-05E6-4ED1-92A3-A0BBDE6EDA85}.Release|x86.ActiveCfg = Release|Any CPU
		{C7F30D04-05E6-4ED1-92A3-A0BBDE6EDA85}.Release|x86.Build.0 = Release|Any CPU
		{F8967B7C-0E88-4348-84B8-D9FF2ED0F44A}.Debug|Any CPU.ActiveCfg = Debug|Any CPU
		{F8967B7C-0E88-4348-84B8-D9FF2ED0F44A}.Debug|Any CPU.Build.0 = Debug|Any CPU
		{F8967B7C-0E88-4348-84B8-D9FF2ED0F44A}.Debug|x64.ActiveCfg = Debug|Any CPU
		{F8967B7C-0E88-4348-84B8-D9FF2ED0F44A}.Debug|x64.Build.0 = Debug|Any CPU
		{F8967B7C-0E88-4348-84B8-D9FF2ED0F44A}.Debug|x86.ActiveCfg = Debug|Any CPU
		{F8967B7C-0E88-4348-84B8-D9FF2ED0F44A}.Debug|x86.Build.0 = Debug|Any CPU
		{F8967B7C-0E88-4348-84B8-D9FF2ED0F44A}.Release|Any CPU.ActiveCfg = Release|Any CPU
		{F8967B7C-0E88-4348-84B8-D9FF2ED0F44A}.Release|Any CPU.Build.0 = Release|Any CPU
		{F8967B7C-0E88-4348-84B8-D9FF2ED0F44A}.Release|x64.ActiveCfg = Release|Any CPU
		{F8967B7C-0E88-4348-84B8-D9FF2ED0F44A}.Release|x64.Build.0 = Release|Any CPU
		{F8967B7C-0E88-4348-84B8-D9FF2ED0F44A}.Release|x86.ActiveCfg = Release|Any CPU
		{F8967B7C-0E88-4348-84B8-D9FF2ED0F44A}.Release|x86.Build.0 = Release|Any CPU
		{76A6EA0F-C858-41BF-A558-937FA3C46A05}.Debug|Any CPU.ActiveCfg = Debug|Any CPU
		{76A6EA0F-C858-41BF-A558-937FA3C46A05}.Debug|Any CPU.Build.0 = Debug|Any CPU
		{76A6EA0F-C858-41BF-A558-937FA3C46A05}.Debug|x64.ActiveCfg = Debug|Any CPU
		{76A6EA0F-C858-41BF-A558-937FA3C46A05}.Debug|x64.Build.0 = Debug|Any CPU
		{76A6EA0F-C858-41BF-A558-937FA3C46A05}.Debug|x86.ActiveCfg = Debug|Any CPU
		{76A6EA0F-C858-41BF-A558-937FA3C46A05}.Debug|x86.Build.0 = Debug|Any CPU
		{76A6EA0F-C858-41BF-A558-937FA3C46A05}.Release|Any CPU.ActiveCfg = Release|Any CPU
		{76A6EA0F-C858-41BF-A558-937FA3C46A05}.Release|Any CPU.Build.0 = Release|Any CPU
		{76A6EA0F-C858-41BF-A558-937FA3C46A05}.Release|x64.ActiveCfg = Release|Any CPU
		{76A6EA0F-C858-41BF-A558-937FA3C46A05}.Release|x64.Build.0 = Release|Any CPU
		{76A6EA0F-C858-41BF-A558-937FA3C46A05}.Release|x86.ActiveCfg = Release|Any CPU
		{76A6EA0F-C858-41BF-A558-937FA3C46A05}.Release|x86.Build.0 = Release|Any CPU
	EndGlobalSection
	GlobalSection(SolutionProperties) = preSolution
		HideSolutionNode = FALSE
	EndGlobalSection
	GlobalSection(ExtensibilityGlobals) = postSolution
		SolutionGuid = {69771A4F-F4B5-4EE1-A520-631EC98D1E18}
	EndGlobalSection
EndGlobal